// !$*UTF8*$!
{
	archiveVersion = 1;
	classes = {
	};
	objectVersion = 52;
	objects = {

/* Begin PBXBuildFile section */
		AF05CF292559434800113C2E /* Resolver in Frameworks */ = {isa = PBXBuildFile; productRef = AF05CF282559434800113C2E /* Resolver */; };
		AF05CF37255945B700113C2E /* AppDelegate+Injection.swift in Sources */ = {isa = PBXBuildFile; fileRef = AF05CF36255945B700113C2E /* AppDelegate+Injection.swift */; };
		AF19453E25512927004AE30A /* BaseView.swift in Sources */ = {isa = PBXBuildFile; fileRef = AF19453D25512927004AE30A /* BaseView.swift */; };
		AF19454325516217004AE30A /* BaseButton.swift in Sources */ = {isa = PBXBuildFile; fileRef = AF19454225516217004AE30A /* BaseButton.swift */; };
		AF19454825516530004AE30A /* UIButton+Chainable.swift in Sources */ = {isa = PBXBuildFile; fileRef = AF19454725516530004AE30A /* UIButton+Chainable.swift */; };
		AF3114052550190C0005F6E7 /* UITabBar+Chainable.swift in Sources */ = {isa = PBXBuildFile; fileRef = AF3114042550190C0005F6E7 /* UITabBar+Chainable.swift */; };
		AF31140B25501C000005F6E7 /* PageBarItem.swift in Sources */ = {isa = PBXBuildFile; fileRef = AF31140A25501C000005F6E7 /* PageBarItem.swift */; };
		AF31141325501CB40005F6E7 /* UILabel+Chainable.swift in Sources */ = {isa = PBXBuildFile; fileRef = AF31141225501CB40005F6E7 /* UILabel+Chainable.swift */; };
		AF31141825501D180005F6E7 /* UIStackView+Chainable.swift in Sources */ = {isa = PBXBuildFile; fileRef = AF31141725501D180005F6E7 /* UIStackView+Chainable.swift */; };
		AF31141D2550288E0005F6E7 /* PageBar.swift in Sources */ = {isa = PBXBuildFile; fileRef = AF31141C2550288E0005F6E7 /* PageBar.swift */; };
		AF67A6D5255B77B600344181 /* DeliveryCategory.swift in Sources */ = {isa = PBXBuildFile; fileRef = AF67A6D4255B77B600344181 /* DeliveryCategory.swift */; };
		AF67A6DD255BC07500344181 /* Device.swift in Sources */ = {isa = PBXBuildFile; fileRef = AF67A6DC255BC07500344181 /* Device.swift */; };
		AF6CBCCF254B2701000B2AA7 /* MainNavigator.swift in Sources */ = {isa = PBXBuildFile; fileRef = AF6CBCCE254B2701000B2AA7 /* MainNavigator.swift */; };
		AF6CBCD4254B270A000B2AA7 /* MainViewController.swift in Sources */ = {isa = PBXBuildFile; fileRef = AF6CBCD3254B270A000B2AA7 /* MainViewController.swift */; };
		AF6CBCDE254B272B000B2AA7 /* MainViewModel.swift in Sources */ = {isa = PBXBuildFile; fileRef = AF6CBCDD254B272B000B2AA7 /* MainViewModel.swift */; };
		AF6CBCE4254B2811000B2AA7 /* Padding.swift in Sources */ = {isa = PBXBuildFile; fileRef = AF6CBCE3254B2811000B2AA7 /* Padding.swift */; };
		AF6CBCEC254B2825000B2AA7 /* Font.swift in Sources */ = {isa = PBXBuildFile; fileRef = AF6CBCEB254B2825000B2AA7 /* Font.swift */; };
		AF6CBCF1254B282D000B2AA7 /* Color.swift in Sources */ = {isa = PBXBuildFile; fileRef = AF6CBCF0254B282D000B2AA7 /* Color.swift */; };
		AF6CBCFD254D20F7000B2AA7 /* Log.swift in Sources */ = {isa = PBXBuildFile; fileRef = AF6CBCFC254D20F7000B2AA7 /* Log.swift */; };
		AF6CBD05254D2215000B2AA7 /* Date.swift in Sources */ = {isa = PBXBuildFile; fileRef = AF6CBD04254D2215000B2AA7 /* Date.swift */; };
		AF6CBD2A254D2F2D000B2AA7 /* NetworkProvider.swift in Sources */ = {isa = PBXBuildFile; fileRef = AF6CBD29254D2F2D000B2AA7 /* NetworkProvider.swift */; };
		AF6CBD3F254D38B5000B2AA7 /* NetworkLoggerPlugin.swift in Sources */ = {isa = PBXBuildFile; fileRef = AF6CBD3E254D38B5000B2AA7 /* NetworkLoggerPlugin.swift */; };
		AF6CBD44254D3DB9000B2AA7 /* Colors.xcassets in Resources */ = {isa = PBXBuildFile; fileRef = AF6CBD43254D3DB9000B2AA7 /* Colors.xcassets */; };
		AF6CBD50254D4031000B2AA7 /* HomeNavigator.swift in Sources */ = {isa = PBXBuildFile; fileRef = AF6CBD4F254D4031000B2AA7 /* HomeNavigator.swift */; };
		AF6CBD58254D4037000B2AA7 /* HomeViewController.swift in Sources */ = {isa = PBXBuildFile; fileRef = AF6CBD57254D4037000B2AA7 /* HomeViewController.swift */; };
		AF6CBD5D254D403D000B2AA7 /* HomeViewModel.swift in Sources */ = {isa = PBXBuildFile; fileRef = AF6CBD5C254D403D000B2AA7 /* HomeViewModel.swift */; };
		AF6CBD62254D4045000B2AA7 /* SuggestNavigator.swift in Sources */ = {isa = PBXBuildFile; fileRef = AF6CBD61254D4045000B2AA7 /* SuggestNavigator.swift */; };
		AF6CBD6A254D4056000B2AA7 /* SuggestViewController.swift in Sources */ = {isa = PBXBuildFile; fileRef = AF6CBD69254D4056000B2AA7 /* SuggestViewController.swift */; };
		AF6CBD6F254D405C000B2AA7 /* SuggestViewModel.swift in Sources */ = {isa = PBXBuildFile; fileRef = AF6CBD6E254D405C000B2AA7 /* SuggestViewModel.swift */; };
		AF6CBD74254D4064000B2AA7 /* ListNavigator.swift in Sources */ = {isa = PBXBuildFile; fileRef = AF6CBD73254D4064000B2AA7 /* ListNavigator.swift */; };
		AF6CBD79254D406B000B2AA7 /* ListViewController.swift in Sources */ = {isa = PBXBuildFile; fileRef = AF6CBD78254D406B000B2AA7 /* ListViewController.swift */; };
		AF6CBD7E254D4070000B2AA7 /* ListViewModel.swift in Sources */ = {isa = PBXBuildFile; fileRef = AF6CBD7D254D4070000B2AA7 /* ListViewModel.swift */; };
		AF6CBD83254D4077000B2AA7 /* LikeNavigator.swift in Sources */ = {isa = PBXBuildFile; fileRef = AF6CBD82254D4077000B2AA7 /* LikeNavigator.swift */; };
		AF6CBD8B254D408C000B2AA7 /* LikeViewController.swift in Sources */ = {isa = PBXBuildFile; fileRef = AF6CBD8A254D408C000B2AA7 /* LikeViewController.swift */; };
		AF6CBD90254D4091000B2AA7 /* LikeViewModel.swift in Sources */ = {isa = PBXBuildFile; fileRef = AF6CBD8F254D4091000B2AA7 /* LikeViewModel.swift */; };
		AF6CBD95254D4098000B2AA7 /* UserNavigator.swift in Sources */ = {isa = PBXBuildFile; fileRef = AF6CBD94254D4098000B2AA7 /* UserNavigator.swift */; };
		AF6CBD9A254D40A0000B2AA7 /* UserViewController.swift in Sources */ = {isa = PBXBuildFile; fileRef = AF6CBD99254D40A0000B2AA7 /* UserViewController.swift */; };
		AF6CBD9F254D40A6000B2AA7 /* UserViewModel.swift in Sources */ = {isa = PBXBuildFile; fileRef = AF6CBD9E254D40A6000B2AA7 /* UserViewModel.swift */; };
		AF6CBDA4254D43A5000B2AA7 /* BaseTabBarController.swift in Sources */ = {isa = PBXBuildFile; fileRef = AF6CBDA3254D43A5000B2AA7 /* BaseTabBarController.swift */; };
		AF6CBDB2254D43F4000B2AA7 /* HomeInteractor.swift in Sources */ = {isa = PBXBuildFile; fileRef = AF6CBDB1254D43F4000B2AA7 /* HomeInteractor.swift */; };
		AF6CBDB7254D4400000B2AA7 /* SuggestInteractor.swift in Sources */ = {isa = PBXBuildFile; fileRef = AF6CBDB6254D4400000B2AA7 /* SuggestInteractor.swift */; };
		AF6CBDBC254D440E000B2AA7 /* ListInteractor.swift in Sources */ = {isa = PBXBuildFile; fileRef = AF6CBDBB254D440E000B2AA7 /* ListInteractor.swift */; };
		AF6CBDC1254D4415000B2AA7 /* LikeInteractor.swift in Sources */ = {isa = PBXBuildFile; fileRef = AF6CBDC0254D4415000B2AA7 /* LikeInteractor.swift */; };
		AF6CBDC6254D441B000B2AA7 /* UserInteractor.swift in Sources */ = {isa = PBXBuildFile; fileRef = AF6CBDC5254D441B000B2AA7 /* UserInteractor.swift */; };
		AF6CBDCB254EC010000B2AA7 /* BaseNavigationController.swift in Sources */ = {isa = PBXBuildFile; fileRef = AF6CBDCA254EC010000B2AA7 /* BaseNavigationController.swift */; };
		AF6CBDD0254EC6C0000B2AA7 /* UITabBarItem+Chainable.swift in Sources */ = {isa = PBXBuildFile; fileRef = AF6CBDCF254EC6C0000B2AA7 /* UITabBarItem+Chainable.swift */; };
		AF6CBDD5254EEAC8000B2AA7 /* Image.swift in Sources */ = {isa = PBXBuildFile; fileRef = AF6CBDD4254EEAC8000B2AA7 /* Image.swift */; };
		AF6CBDEA254F2177000B2AA7 /* MainTabBarItem.swift in Sources */ = {isa = PBXBuildFile; fileRef = AF6CBDE9254F2177000B2AA7 /* MainTabBarItem.swift */; };
		AF6CBE03254F9BBA000B2AA7 /* Localizable.strings in Resources */ = {isa = PBXBuildFile; fileRef = AF6CBE05254F9BBA000B2AA7 /* Localizable.strings */; };
		AF6CBE0D254F9D0A000B2AA7 /* String.swift in Sources */ = {isa = PBXBuildFile; fileRef = AF6CBE0C254F9D0A000B2AA7 /* String.swift */; };
		AF6CBE15254F9D26000B2AA7 /* Text.swift in Sources */ = {isa = PBXBuildFile; fileRef = AF6CBE14254F9D26000B2AA7 /* Text.swift */; };
		AF6CBE1D254FC146000B2AA7 /* DeliveryViewController.swift in Sources */ = {isa = PBXBuildFile; fileRef = AF6CBE1C254FC146000B2AA7 /* DeliveryViewController.swift */; };
		AF6CBE22254FC151000B2AA7 /* DeliveryViewModel.swift in Sources */ = {isa = PBXBuildFile; fileRef = AF6CBE21254FC151000B2AA7 /* DeliveryViewModel.swift */; };
		AF6CBE27254FC15B000B2AA7 /* VisitViewController.swift in Sources */ = {isa = PBXBuildFile; fileRef = AF6CBE26254FC15B000B2AA7 /* VisitViewController.swift */; };
		AF6CBE2C254FC164000B2AA7 /* VisitViewModel.swift in Sources */ = {isa = PBXBuildFile; fileRef = AF6CBE2B254FC164000B2AA7 /* VisitViewModel.swift */; };
		AF6CBE31254FC1EC000B2AA7 /* BasePageViewController.swift in Sources */ = {isa = PBXBuildFile; fileRef = AF6CBE30254FC1EC000B2AA7 /* BasePageViewController.swift */; };
		AF75B28C255A49770080832B /* BaseService.swift in Sources */ = {isa = PBXBuildFile; fileRef = AF75B28B255A49770080832B /* BaseService.swift */; };
		AF75B291255A497F0080832B /* BaseInteractor.swift in Sources */ = {isa = PBXBuildFile; fileRef = AF75B290255A497F0080832B /* BaseInteractor.swift */; };
		AF75B29F255A5E060080832B /* BasePageViewController+Chainable.swift in Sources */ = {isa = PBXBuildFile; fileRef = AF75B29E255A5E060080832B /* BasePageViewController+Chainable.swift */; };
		AF75B2BB255A702F0080832B /* BaeminRefresh.swift in Sources */ = {isa = PBXBuildFile; fileRef = AF75B2BA255A702F0080832B /* BaeminRefresh.swift */; };
		AF8041DC2550DF0E0050E35D /* HomePageBarItem.swift in Sources */ = {isa = PBXBuildFile; fileRef = AF8041DB2550DF0E0050E35D /* HomePageBarItem.swift */; };
		AF8706F2255A73140007DD89 /* UIView+Extension.swift in Sources */ = {isa = PBXBuildFile; fileRef = AF8706F1255A73140007DD89 /* UIView+Extension.swift */; };
		AF8706F7255A73740007DD89 /* UIScrollView+Chainable.swift in Sources */ = {isa = PBXBuildFile; fileRef = AF8706F6255A73740007DD89 /* UIScrollView+Chainable.swift */; };
		AF8D5F4C255534C800B15B67 /* DeliveryHome.json in Resources */ = {isa = PBXBuildFile; fileRef = AF8D5F4B255534C800B15B67 /* DeliveryHome.json */; };
		AF8D5F5D2555408700B15B67 /* UIImageView+Chainable.swift in Sources */ = {isa = PBXBuildFile; fileRef = AF8D5F5C2555408700B15B67 /* UIImageView+Chainable.swift */; };
		AF8D5F652555430E00B15B67 /* Banner.swift in Sources */ = {isa = PBXBuildFile; fileRef = AF8D5F642555430E00B15B67 /* Banner.swift */; };
		AFAF927F255E43400003C97A /* Kingfisher in Frameworks */ = {isa = PBXBuildFile; productRef = AFAF927E255E43400003C97A /* Kingfisher */; };
		AFB6F0DE255E9E0800CCCDD0 /* Alarm.swift in Sources */ = {isa = PBXBuildFile; fileRef = AFB6F0DD255E9E0800CCCDD0 /* Alarm.swift */; };
		AFB6F0E9255E9E6300CCCDD0 /* Alarms.json in Resources */ = {isa = PBXBuildFile; fileRef = AFB6F0E8255E9E6300CCCDD0 /* Alarms.json */; };
		AFB6F0F9255EA1AB00CCCDD0 /* EmptyView.swift in Sources */ = {isa = PBXBuildFile; fileRef = AFB6F0F8255EA1AB00CCCDD0 /* EmptyView.swift */; };
		AFE11CD8254A8F37003EB6E5 /* AppDelegate.swift in Sources */ = {isa = PBXBuildFile; fileRef = AFE11CD7254A8F37003EB6E5 /* AppDelegate.swift */; };
		AFE11CDC254A8F37003EB6E5 /* SplashViewController.swift in Sources */ = {isa = PBXBuildFile; fileRef = AFE11CDB254A8F37003EB6E5 /* SplashViewController.swift */; };
		AFE11CE1254A8F39003EB6E5 /* Images.xcassets in Resources */ = {isa = PBXBuildFile; fileRef = AFE11CE0254A8F39003EB6E5 /* Images.xcassets */; };
		AFE11CE4254A8F39003EB6E5 /* LaunchScreen.storyboard in Resources */ = {isa = PBXBuildFile; fileRef = AFE11CE2254A8F39003EB6E5 /* LaunchScreen.storyboard */; };
		AFE11CEF254A8F39003EB6E5 /* baeminTests.swift in Sources */ = {isa = PBXBuildFile; fileRef = AFE11CEE254A8F39003EB6E5 /* baeminTests.swift */; };
		AFE11CFA254A8F39003EB6E5 /* baeminUITests.swift in Sources */ = {isa = PBXBuildFile; fileRef = AFE11CF9254A8F39003EB6E5 /* baeminUITests.swift */; };
		AFE11D22254A9220003EB6E5 /* RxSwift in Frameworks */ = {isa = PBXBuildFile; productRef = AFE11D21254A9220003EB6E5 /* RxSwift */; };
		AFE11D24254A9220003EB6E5 /* RxTest in Frameworks */ = {isa = PBXBuildFile; productRef = AFE11D23254A9220003EB6E5 /* RxTest */; };
		AFE11D26254A9220003EB6E5 /* RxRelay in Frameworks */ = {isa = PBXBuildFile; productRef = AFE11D25254A9220003EB6E5 /* RxRelay */; };
		AFE11D28254A9220003EB6E5 /* RxCocoa in Frameworks */ = {isa = PBXBuildFile; productRef = AFE11D27254A9220003EB6E5 /* RxCocoa */; };
		AFE11D2A254A9220003EB6E5 /* RxBlocking in Frameworks */ = {isa = PBXBuildFile; productRef = AFE11D29254A9220003EB6E5 /* RxBlocking */; };
		AFE11D30254A925F003EB6E5 /* SnapKit in Frameworks */ = {isa = PBXBuildFile; productRef = AFE11D2F254A925F003EB6E5 /* SnapKit */; };
		AFE11D36254A92DB003EB6E5 /* RxMoya in Frameworks */ = {isa = PBXBuildFile; productRef = AFE11D35254A92DB003EB6E5 /* RxMoya */; };
		AFE11D4E254A9F83003EB6E5 /* SplashViewModel.swift in Sources */ = {isa = PBXBuildFile; fileRef = AFE11D4D254A9F83003EB6E5 /* SplashViewModel.swift */; };
		AFE11D5A254AA155003EB6E5 /* BaeminSampleService.swift in Sources */ = {isa = PBXBuildFile; fileRef = AFE11D59254AA155003EB6E5 /* BaeminSampleService.swift */; };
		AFE11D60254AA187003EB6E5 /* SplashInteractor.swift in Sources */ = {isa = PBXBuildFile; fileRef = AFE11D5F254AA187003EB6E5 /* SplashInteractor.swift */; };
		AFE11D68254AA192003EB6E5 /* MainInteractor.swift in Sources */ = {isa = PBXBuildFile; fileRef = AFE11D67254AA192003EB6E5 /* MainInteractor.swift */; };
		AFE11D70254AA1D7003EB6E5 /* Chainable.swift in Sources */ = {isa = PBXBuildFile; fileRef = AFE11D6F254AA1D7003EB6E5 /* Chainable.swift */; };
		AFE11D75254AA1ED003EB6E5 /* UIView+Chainable.swift in Sources */ = {isa = PBXBuildFile; fileRef = AFE11D74254AA1ED003EB6E5 /* UIView+Chainable.swift */; };
		AFE11D7A254AA21C003EB6E5 /* UIViewController+Chainable.swift in Sources */ = {isa = PBXBuildFile; fileRef = AFE11D79254AA21C003EB6E5 /* UIViewController+Chainable.swift */; };
		AFE11D81254AA257003EB6E5 /* BaseViewController.swift in Sources */ = {isa = PBXBuildFile; fileRef = AFE11D80254AA257003EB6E5 /* BaseViewController.swift */; };
		AFE11D96254AA2F1003EB6E5 /* Rx+UIViewController.swift in Sources */ = {isa = PBXBuildFile; fileRef = AFE11D95254AA2F1003EB6E5 /* Rx+UIViewController.swift */; };
		AFE11D9B254AA2F7003EB6E5 /* Thread.swift in Sources */ = {isa = PBXBuildFile; fileRef = AFE11D9A254AA2F7003EB6E5 /* Thread.swift */; };
		AFE11DB0254AA370003EB6E5 /* Keyboard.swift in Sources */ = {isa = PBXBuildFile; fileRef = AFE11DAF254AA370003EB6E5 /* Keyboard.swift */; };
		AFE11DC4254AA4CB003EB6E5 /* UserDefault.swift in Sources */ = {isa = PBXBuildFile; fileRef = AFE11DC3254AA4CB003EB6E5 /* UserDefault.swift */; };
		AFE11DD1254AA5CC003EB6E5 /* BaseNavigator.swift in Sources */ = {isa = PBXBuildFile; fileRef = AFE11DD0254AA5CC003EB6E5 /* BaseNavigator.swift */; };
		AFE11DD6254AA66C003EB6E5 /* BaseViewModel.swift in Sources */ = {isa = PBXBuildFile; fileRef = AFE11DD5254AA66C003EB6E5 /* BaseViewModel.swift */; };
		AFE11DF0254AAA51003EB6E5 /* SplashNavigator.swift in Sources */ = {isa = PBXBuildFile; fileRef = AFE11DEF254AAA51003EB6E5 /* SplashNavigator.swift */; };
		AFE11E0B254AB300003EB6E5 /* BaseImageView.swift in Sources */ = {isa = PBXBuildFile; fileRef = AFE11E0A254AB300003EB6E5 /* BaseImageView.swift */; };
		AFE11E15254AB880003EB6E5 /* RxSwift.swift in Sources */ = {isa = PBXBuildFile; fileRef = AFE11E14254AB880003EB6E5 /* RxSwift.swift */; };
		AFE11E1B254AB93B003EB6E5 /* BaeminAPI.swift in Sources */ = {isa = PBXBuildFile; fileRef = AFE11E1A254AB93B003EB6E5 /* BaeminAPI.swift */; };
		AFE11E28254ABE14003EB6E5 /* BaeminResponse.swift in Sources */ = {isa = PBXBuildFile; fileRef = AFE11E27254ABE14003EB6E5 /* BaeminResponse.swift */; };
		AFE11E35254AC206003EB6E5 /* DeliveryHome.swift in Sources */ = {isa = PBXBuildFile; fileRef = AFE11E34254AC206003EB6E5 /* DeliveryHome.swift */; };
		AFE11E40254AC6F5003EB6E5 /* Splash.json in Resources */ = {isa = PBXBuildFile; fileRef = AFE11E3F254AC6F5003EB6E5 /* Splash.json */; };
		AFE11E50254AC915003EB6E5 /* Splash.swift in Sources */ = {isa = PBXBuildFile; fileRef = AFE11E4F254AC915003EB6E5 /* Splash.swift */; };
		AFE4CA28255E849A00E5755A /* DeliveryCategoryCell.swift in Sources */ = {isa = PBXBuildFile; fileRef = AFE4CA27255E849A00E5755A /* DeliveryCategoryCell.swift */; };
		AFE4CA2D255E8A5100E5755A /* DeliverySearchBarView.swift in Sources */ = {isa = PBXBuildFile; fileRef = AFE4CA2C255E8A5100E5755A /* DeliverySearchBarView.swift */; };
		AFE59BE42552F49500A18003 /* QrcodeViewController.swift in Sources */ = {isa = PBXBuildFile; fileRef = AFE59BE32552F49500A18003 /* QrcodeViewController.swift */; };
		AFE59BE92552F49B00A18003 /* QrcodeViewModel.swift in Sources */ = {isa = PBXBuildFile; fileRef = AFE59BE82552F49B00A18003 /* QrcodeViewModel.swift */; };
		AFE59BF0255397D400A18003 /* Lottie in Frameworks */ = {isa = PBXBuildFile; productRef = AFE59BEF255397D400A18003 /* Lottie */; };
		AFE59BF82553987400A18003 /* LottieAnimationView.swift in Sources */ = {isa = PBXBuildFile; fileRef = AFE59BF72553987400A18003 /* LottieAnimationView.swift */; };
		AFE59C072553B53E00A18003 /* ActivityIndicatorPresenter.swift in Sources */ = {isa = PBXBuildFile; fileRef = AFE59C062553B53E00A18003 /* ActivityIndicatorPresenter.swift */; };
		AFE59C0C2553B5B800A18003 /* UIApplication+Extension.swift in Sources */ = {isa = PBXBuildFile; fileRef = AFE59C0B2553B5B800A18003 /* UIApplication+Extension.swift */; };
		AFE5BCFB25523FEC00C0F390 /* StoreViewController.swift in Sources */ = {isa = PBXBuildFile; fileRef = AFE5BCFA25523FEC00C0F390 /* StoreViewController.swift */; };
		AFE5BD0625523FF700C0F390 /* StoreViewModel.swift in Sources */ = {isa = PBXBuildFile; fileRef = AFE5BD0525523FF700C0F390 /* StoreViewModel.swift */; };
		AFE5BD0B25523FFF00C0F390 /* DirectViewController.swift in Sources */ = {isa = PBXBuildFile; fileRef = AFE5BD0A25523FFF00C0F390 /* DirectViewController.swift */; };
		AFE5BD102552400600C0F390 /* DirectViewModel.swift in Sources */ = {isa = PBXBuildFile; fileRef = AFE5BD0F2552400600C0F390 /* DirectViewModel.swift */; };
		AFE5BD152552400E00C0F390 /* PhoneViewController.swift in Sources */ = {isa = PBXBuildFile; fileRef = AFE5BD142552400E00C0F390 /* PhoneViewController.swift */; };
		AFE5BD1A2552401B00C0F390 /* PhoneViewModel.swift in Sources */ = {isa = PBXBuildFile; fileRef = AFE5BD192552401B00C0F390 /* PhoneViewModel.swift */; };
		AFE5BD1F255240E600C0F390 /* LikePageBarItem.swift in Sources */ = {isa = PBXBuildFile; fileRef = AFE5BD1E255240E600C0F390 /* LikePageBarItem.swift */; };
		AFE5BD2D255245B000C0F390 /* ListPageBarItem.swift in Sources */ = {isa = PBXBuildFile; fileRef = AFE5BD2C255245B000C0F390 /* ListPageBarItem.swift */; };
		AFE5BD37255245F400C0F390 /* DeliveryListViewController.swift in Sources */ = {isa = PBXBuildFile; fileRef = AFE5BD36255245F400C0F390 /* DeliveryListViewController.swift */; };
		AFE5BD3F255245FC00C0F390 /* DeliveryListViewModel.swift in Sources */ = {isa = PBXBuildFile; fileRef = AFE5BD3E255245FC00C0F390 /* DeliveryListViewModel.swift */; };
		AFE5BD442552460500C0F390 /* BmartListViewController.swift in Sources */ = {isa = PBXBuildFile; fileRef = AFE5BD432552460500C0F390 /* BmartListViewController.swift */; };
		AFE5BD492552460E00C0F390 /* BmartListViewModel.swift in Sources */ = {isa = PBXBuildFile; fileRef = AFE5BD482552460E00C0F390 /* BmartListViewModel.swift */; };
		AFE5BD4F25525D6B00C0F390 /* UIViewController+Extension.swift in Sources */ = {isa = PBXBuildFile; fileRef = AFE5BD4E25525D6B00C0F390 /* UIViewController+Extension.swift */; };
		AFE5BD5425525DD800C0F390 /* BarButtonItemStyle.swift in Sources */ = {isa = PBXBuildFile; fileRef = AFE5BD5325525DD800C0F390 /* BarButtonItemStyle.swift */; };
		AFE5BD642552759300C0F390 /* AlarmViewController.swift in Sources */ = {isa = PBXBuildFile; fileRef = AFE5BD632552759300C0F390 /* AlarmViewController.swift */; };
		AFE5BD692552759900C0F390 /* AlarmViewModel.swift in Sources */ = {isa = PBXBuildFile; fileRef = AFE5BD682552759900C0F390 /* AlarmViewModel.swift */; };
		AFE8FD7A255D597A003B345B /* loading_indicator.json in Resources */ = {isa = PBXBuildFile; fileRef = AFE8FD79255D597A003B345B /* loading_indicator.json */; };
		AFE8FD89255D669B003B345B /* BaseCollectionView.swift in Sources */ = {isa = PBXBuildFile; fileRef = AFE8FD88255D669B003B345B /* BaseCollectionView.swift */; };
		AFE8FD8E255D6A1D003B345B /* DeliveryBannerCell.swift in Sources */ = {isa = PBXBuildFile; fileRef = AFE8FD8D255D6A1D003B345B /* DeliveryBannerCell.swift */; };
		AFE8FD9C255D6B00003B345B /* UICollectionView+Chainable.swift in Sources */ = {isa = PBXBuildFile; fileRef = AFE8FD9B255D6B00003B345B /* UICollectionView+Chainable.swift */; };
		AFE8FDA1255D6B7F003B345B /* BaseCollectionViewCell.swift in Sources */ = {isa = PBXBuildFile; fileRef = AFE8FDA0255D6B7F003B345B /* BaseCollectionViewCell.swift */; };
/* End PBXBuildFile section */

/* Begin PBXContainerItemProxy section */
		AFE11CEB254A8F39003EB6E5 /* PBXContainerItemProxy */ = {
			isa = PBXContainerItemProxy;
			containerPortal = AFE11CCC254A8F37003EB6E5 /* Project object */;
			proxyType = 1;
			remoteGlobalIDString = AFE11CD3254A8F37003EB6E5;
			remoteInfo = baemin;
		};
		AFE11CF6254A8F39003EB6E5 /* PBXContainerItemProxy */ = {
			isa = PBXContainerItemProxy;
			containerPortal = AFE11CCC254A8F37003EB6E5 /* Project object */;
			proxyType = 1;
			remoteGlobalIDString = AFE11CD3254A8F37003EB6E5;
			remoteInfo = baemin;
		};
/* End PBXContainerItemProxy section */

/* Begin PBXFileReference section */
		AF05CF36255945B700113C2E /* AppDelegate+Injection.swift */ = {isa = PBXFileReference; lastKnownFileType = sourcecode.swift; path = "AppDelegate+Injection.swift"; sourceTree = "<group>"; };
		AF19453D25512927004AE30A /* BaseView.swift */ = {isa = PBXFileReference; lastKnownFileType = sourcecode.swift; path = BaseView.swift; sourceTree = "<group>"; };
		AF19454225516217004AE30A /* BaseButton.swift */ = {isa = PBXFileReference; lastKnownFileType = sourcecode.swift; path = BaseButton.swift; sourceTree = "<group>"; };
		AF19454725516530004AE30A /* UIButton+Chainable.swift */ = {isa = PBXFileReference; lastKnownFileType = sourcecode.swift; path = "UIButton+Chainable.swift"; sourceTree = "<group>"; };
		AF3114042550190C0005F6E7 /* UITabBar+Chainable.swift */ = {isa = PBXFileReference; lastKnownFileType = sourcecode.swift; path = "UITabBar+Chainable.swift"; sourceTree = "<group>"; };
		AF31140A25501C000005F6E7 /* PageBarItem.swift */ = {isa = PBXFileReference; lastKnownFileType = sourcecode.swift; path = PageBarItem.swift; sourceTree = "<group>"; };
		AF31141225501CB40005F6E7 /* UILabel+Chainable.swift */ = {isa = PBXFileReference; lastKnownFileType = sourcecode.swift; path = "UILabel+Chainable.swift"; sourceTree = "<group>"; };
		AF31141725501D180005F6E7 /* UIStackView+Chainable.swift */ = {isa = PBXFileReference; lastKnownFileType = sourcecode.swift; path = "UIStackView+Chainable.swift"; sourceTree = "<group>"; };
		AF31141C2550288E0005F6E7 /* PageBar.swift */ = {isa = PBXFileReference; lastKnownFileType = sourcecode.swift; path = PageBar.swift; sourceTree = "<group>"; };
		AF67A6D4255B77B600344181 /* DeliveryCategory.swift */ = {isa = PBXFileReference; lastKnownFileType = sourcecode.swift; path = DeliveryCategory.swift; sourceTree = "<group>"; };
		AF67A6DC255BC07500344181 /* Device.swift */ = {isa = PBXFileReference; lastKnownFileType = sourcecode.swift; path = Device.swift; sourceTree = "<group>"; };
		AF6CBCCE254B2701000B2AA7 /* MainNavigator.swift */ = {isa = PBXFileReference; lastKnownFileType = sourcecode.swift; path = MainNavigator.swift; sourceTree = "<group>"; };
		AF6CBCD3254B270A000B2AA7 /* MainViewController.swift */ = {isa = PBXFileReference; lastKnownFileType = sourcecode.swift; path = MainViewController.swift; sourceTree = "<group>"; };
		AF6CBCDD254B272B000B2AA7 /* MainViewModel.swift */ = {isa = PBXFileReference; lastKnownFileType = sourcecode.swift; path = MainViewModel.swift; sourceTree = "<group>"; };
		AF6CBCE3254B2811000B2AA7 /* Padding.swift */ = {isa = PBXFileReference; lastKnownFileType = sourcecode.swift; path = Padding.swift; sourceTree = "<group>"; };
		AF6CBCEB254B2825000B2AA7 /* Font.swift */ = {isa = PBXFileReference; lastKnownFileType = sourcecode.swift; path = Font.swift; sourceTree = "<group>"; };
		AF6CBCF0254B282D000B2AA7 /* Color.swift */ = {isa = PBXFileReference; lastKnownFileType = sourcecode.swift; path = Color.swift; sourceTree = "<group>"; };
		AF6CBCFC254D20F7000B2AA7 /* Log.swift */ = {isa = PBXFileReference; lastKnownFileType = sourcecode.swift; path = Log.swift; sourceTree = "<group>"; };
		AF6CBD04254D2215000B2AA7 /* Date.swift */ = {isa = PBXFileReference; lastKnownFileType = sourcecode.swift; path = Date.swift; sourceTree = "<group>"; };
		AF6CBD29254D2F2D000B2AA7 /* NetworkProvider.swift */ = {isa = PBXFileReference; lastKnownFileType = sourcecode.swift; path = NetworkProvider.swift; sourceTree = "<group>"; };
		AF6CBD3E254D38B5000B2AA7 /* NetworkLoggerPlugin.swift */ = {isa = PBXFileReference; lastKnownFileType = sourcecode.swift; path = NetworkLoggerPlugin.swift; sourceTree = "<group>"; };
		AF6CBD43254D3DB9000B2AA7 /* Colors.xcassets */ = {isa = PBXFileReference; lastKnownFileType = folder.assetcatalog; path = Colors.xcassets; sourceTree = "<group>"; };
		AF6CBD4F254D4031000B2AA7 /* HomeNavigator.swift */ = {isa = PBXFileReference; lastKnownFileType = sourcecode.swift; path = HomeNavigator.swift; sourceTree = "<group>"; };
		AF6CBD57254D4037000B2AA7 /* HomeViewController.swift */ = {isa = PBXFileReference; lastKnownFileType = sourcecode.swift; path = HomeViewController.swift; sourceTree = "<group>"; };
		AF6CBD5C254D403D000B2AA7 /* HomeViewModel.swift */ = {isa = PBXFileReference; lastKnownFileType = sourcecode.swift; path = HomeViewModel.swift; sourceTree = "<group>"; };
		AF6CBD61254D4045000B2AA7 /* SuggestNavigator.swift */ = {isa = PBXFileReference; lastKnownFileType = sourcecode.swift; path = SuggestNavigator.swift; sourceTree = "<group>"; };
		AF6CBD69254D4056000B2AA7 /* SuggestViewController.swift */ = {isa = PBXFileReference; lastKnownFileType = sourcecode.swift; path = SuggestViewController.swift; sourceTree = "<group>"; };
		AF6CBD6E254D405C000B2AA7 /* SuggestViewModel.swift */ = {isa = PBXFileReference; lastKnownFileType = sourcecode.swift; path = SuggestViewModel.swift; sourceTree = "<group>"; };
		AF6CBD73254D4064000B2AA7 /* ListNavigator.swift */ = {isa = PBXFileReference; lastKnownFileType = sourcecode.swift; path = ListNavigator.swift; sourceTree = "<group>"; };
		AF6CBD78254D406B000B2AA7 /* ListViewController.swift */ = {isa = PBXFileReference; lastKnownFileType = sourcecode.swift; path = ListViewController.swift; sourceTree = "<group>"; };
		AF6CBD7D254D4070000B2AA7 /* ListViewModel.swift */ = {isa = PBXFileReference; lastKnownFileType = sourcecode.swift; path = ListViewModel.swift; sourceTree = "<group>"; };
		AF6CBD82254D4077000B2AA7 /* LikeNavigator.swift */ = {isa = PBXFileReference; lastKnownFileType = sourcecode.swift; path = LikeNavigator.swift; sourceTree = "<group>"; };
		AF6CBD8A254D408C000B2AA7 /* LikeViewController.swift */ = {isa = PBXFileReference; lastKnownFileType = sourcecode.swift; path = LikeViewController.swift; sourceTree = "<group>"; };
		AF6CBD8F254D4091000B2AA7 /* LikeViewModel.swift */ = {isa = PBXFileReference; lastKnownFileType = sourcecode.swift; path = LikeViewModel.swift; sourceTree = "<group>"; };
		AF6CBD94254D4098000B2AA7 /* UserNavigator.swift */ = {isa = PBXFileReference; lastKnownFileType = sourcecode.swift; path = UserNavigator.swift; sourceTree = "<group>"; };
		AF6CBD99254D40A0000B2AA7 /* UserViewController.swift */ = {isa = PBXFileReference; lastKnownFileType = sourcecode.swift; path = UserViewController.swift; sourceTree = "<group>"; };
		AF6CBD9E254D40A6000B2AA7 /* UserViewModel.swift */ = {isa = PBXFileReference; lastKnownFileType = sourcecode.swift; path = UserViewModel.swift; sourceTree = "<group>"; };
		AF6CBDA3254D43A5000B2AA7 /* BaseTabBarController.swift */ = {isa = PBXFileReference; lastKnownFileType = sourcecode.swift; path = BaseTabBarController.swift; sourceTree = "<group>"; };
		AF6CBDB1254D43F4000B2AA7 /* HomeInteractor.swift */ = {isa = PBXFileReference; lastKnownFileType = sourcecode.swift; path = HomeInteractor.swift; sourceTree = "<group>"; };
		AF6CBDB6254D4400000B2AA7 /* SuggestInteractor.swift */ = {isa = PBXFileReference; lastKnownFileType = sourcecode.swift; path = SuggestInteractor.swift; sourceTree = "<group>"; };
		AF6CBDBB254D440E000B2AA7 /* ListInteractor.swift */ = {isa = PBXFileReference; lastKnownFileType = sourcecode.swift; path = ListInteractor.swift; sourceTree = "<group>"; };
		AF6CBDC0254D4415000B2AA7 /* LikeInteractor.swift */ = {isa = PBXFileReference; lastKnownFileType = sourcecode.swift; path = LikeInteractor.swift; sourceTree = "<group>"; };
		AF6CBDC5254D441B000B2AA7 /* UserInteractor.swift */ = {isa = PBXFileReference; lastKnownFileType = sourcecode.swift; path = UserInteractor.swift; sourceTree = "<group>"; };
		AF6CBDCA254EC010000B2AA7 /* BaseNavigationController.swift */ = {isa = PBXFileReference; lastKnownFileType = sourcecode.swift; path = BaseNavigationController.swift; sourceTree = "<group>"; };
		AF6CBDCF254EC6C0000B2AA7 /* UITabBarItem+Chainable.swift */ = {isa = PBXFileReference; lastKnownFileType = sourcecode.swift; path = "UITabBarItem+Chainable.swift"; sourceTree = "<group>"; };
		AF6CBDD4254EEAC8000B2AA7 /* Image.swift */ = {isa = PBXFileReference; lastKnownFileType = sourcecode.swift; path = Image.swift; sourceTree = "<group>"; };
		AF6CBDE9254F2177000B2AA7 /* MainTabBarItem.swift */ = {isa = PBXFileReference; lastKnownFileType = sourcecode.swift; path = MainTabBarItem.swift; sourceTree = "<group>"; };
		AF6CBDF6254F9B37000B2AA7 /* ko */ = {isa = PBXFileReference; lastKnownFileType = text.plist.strings; name = ko; path = ko.lproj/LaunchScreen.strings; sourceTree = "<group>"; };
		AF6CBE0A254F9C2D000B2AA7 /* en */ = {isa = PBXFileReference; lastKnownFileType = text.plist.strings; name = en; path = en.lproj/Localizable.strings; sourceTree = "<group>"; };
		AF6CBE0B254F9C60000B2AA7 /* ko */ = {isa = PBXFileReference; lastKnownFileType = text.plist.strings; name = ko; path = ko.lproj/Localizable.strings; sourceTree = "<group>"; };
		AF6CBE0C254F9D0A000B2AA7 /* String.swift */ = {isa = PBXFileReference; lastKnownFileType = sourcecode.swift; path = String.swift; sourceTree = "<group>"; };
		AF6CBE14254F9D26000B2AA7 /* Text.swift */ = {isa = PBXFileReference; lastKnownFileType = sourcecode.swift; path = Text.swift; sourceTree = "<group>"; };
		AF6CBE1C254FC146000B2AA7 /* DeliveryViewController.swift */ = {isa = PBXFileReference; lastKnownFileType = sourcecode.swift; path = DeliveryViewController.swift; sourceTree = "<group>"; };
		AF6CBE21254FC151000B2AA7 /* DeliveryViewModel.swift */ = {isa = PBXFileReference; lastKnownFileType = sourcecode.swift; path = DeliveryViewModel.swift; sourceTree = "<group>"; };
		AF6CBE26254FC15B000B2AA7 /* VisitViewController.swift */ = {isa = PBXFileReference; lastKnownFileType = sourcecode.swift; path = VisitViewController.swift; sourceTree = "<group>"; };
		AF6CBE2B254FC164000B2AA7 /* VisitViewModel.swift */ = {isa = PBXFileReference; lastKnownFileType = sourcecode.swift; path = VisitViewModel.swift; sourceTree = "<group>"; };
		AF6CBE30254FC1EC000B2AA7 /* BasePageViewController.swift */ = {isa = PBXFileReference; lastKnownFileType = sourcecode.swift; path = BasePageViewController.swift; sourceTree = "<group>"; };
		AF75B28B255A49770080832B /* BaseService.swift */ = {isa = PBXFileReference; lastKnownFileType = sourcecode.swift; path = BaseService.swift; sourceTree = "<group>"; };
		AF75B290255A497F0080832B /* BaseInteractor.swift */ = {isa = PBXFileReference; lastKnownFileType = sourcecode.swift; path = BaseInteractor.swift; sourceTree = "<group>"; };
		AF75B29E255A5E060080832B /* BasePageViewController+Chainable.swift */ = {isa = PBXFileReference; lastKnownFileType = sourcecode.swift; path = "BasePageViewController+Chainable.swift"; sourceTree = "<group>"; };
		AF75B2BA255A702F0080832B /* BaeminRefresh.swift */ = {isa = PBXFileReference; lastKnownFileType = sourcecode.swift; path = BaeminRefresh.swift; sourceTree = "<group>"; };
		AF8041DB2550DF0E0050E35D /* HomePageBarItem.swift */ = {isa = PBXFileReference; lastKnownFileType = sourcecode.swift; path = HomePageBarItem.swift; sourceTree = "<group>"; };
		AF8706F1255A73140007DD89 /* UIView+Extension.swift */ = {isa = PBXFileReference; lastKnownFileType = sourcecode.swift; path = "UIView+Extension.swift"; sourceTree = "<group>"; };
		AF8706F6255A73740007DD89 /* UIScrollView+Chainable.swift */ = {isa = PBXFileReference; lastKnownFileType = sourcecode.swift; path = "UIScrollView+Chainable.swift"; sourceTree = "<group>"; };
		AF8D5F4B255534C800B15B67 /* DeliveryHome.json */ = {isa = PBXFileReference; lastKnownFileType = text.json; path = DeliveryHome.json; sourceTree = "<group>"; };
		AF8D5F5C2555408700B15B67 /* UIImageView+Chainable.swift */ = {isa = PBXFileReference; lastKnownFileType = sourcecode.swift; path = "UIImageView+Chainable.swift"; sourceTree = "<group>"; };
		AF8D5F642555430E00B15B67 /* Banner.swift */ = {isa = PBXFileReference; lastKnownFileType = sourcecode.swift; path = Banner.swift; sourceTree = "<group>"; };
		AFB6F0DD255E9E0800CCCDD0 /* Alarm.swift */ = {isa = PBXFileReference; lastKnownFileType = sourcecode.swift; path = Alarm.swift; sourceTree = "<group>"; };
		AFB6F0E8255E9E6300CCCDD0 /* Alarms.json */ = {isa = PBXFileReference; lastKnownFileType = text.json; path = Alarms.json; sourceTree = "<group>"; };
		AFB6F0F8255EA1AB00CCCDD0 /* EmptyView.swift */ = {isa = PBXFileReference; lastKnownFileType = sourcecode.swift; path = EmptyView.swift; sourceTree = "<group>"; };
		AFE11CD4254A8F37003EB6E5 /* baemin.app */ = {isa = PBXFileReference; explicitFileType = wrapper.application; includeInIndex = 0; path = baemin.app; sourceTree = BUILT_PRODUCTS_DIR; };
		AFE11CD7254A8F37003EB6E5 /* AppDelegate.swift */ = {isa = PBXFileReference; lastKnownFileType = sourcecode.swift; path = AppDelegate.swift; sourceTree = "<group>"; };
		AFE11CDB254A8F37003EB6E5 /* SplashViewController.swift */ = {isa = PBXFileReference; lastKnownFileType = sourcecode.swift; path = SplashViewController.swift; sourceTree = "<group>"; };
		AFE11CE0254A8F39003EB6E5 /* Images.xcassets */ = {isa = PBXFileReference; lastKnownFileType = folder.assetcatalog; path = Images.xcassets; sourceTree = "<group>"; };
		AFE11CE3254A8F39003EB6E5 /* Base */ = {isa = PBXFileReference; lastKnownFileType = file.storyboard; name = Base; path = Base.lproj/LaunchScreen.storyboard; sourceTree = "<group>"; };
		AFE11CE5254A8F39003EB6E5 /* Info.plist */ = {isa = PBXFileReference; lastKnownFileType = text.plist.xml; path = Info.plist; sourceTree = "<group>"; };
		AFE11CEA254A8F39003EB6E5 /* baeminTests.xctest */ = {isa = PBXFileReference; explicitFileType = wrapper.cfbundle; includeInIndex = 0; path = baeminTests.xctest; sourceTree = BUILT_PRODUCTS_DIR; };
		AFE11CEE254A8F39003EB6E5 /* baeminTests.swift */ = {isa = PBXFileReference; lastKnownFileType = sourcecode.swift; path = baeminTests.swift; sourceTree = "<group>"; };
		AFE11CF0254A8F39003EB6E5 /* Info.plist */ = {isa = PBXFileReference; lastKnownFileType = text.plist.xml; path = Info.plist; sourceTree = "<group>"; };
		AFE11CF5254A8F39003EB6E5 /* baeminUITests.xctest */ = {isa = PBXFileReference; explicitFileType = wrapper.cfbundle; includeInIndex = 0; path = baeminUITests.xctest; sourceTree = BUILT_PRODUCTS_DIR; };
		AFE11CF9254A8F39003EB6E5 /* baeminUITests.swift */ = {isa = PBXFileReference; lastKnownFileType = sourcecode.swift; path = baeminUITests.swift; sourceTree = "<group>"; };
		AFE11CFB254A8F39003EB6E5 /* Info.plist */ = {isa = PBXFileReference; lastKnownFileType = text.plist.xml; path = Info.plist; sourceTree = "<group>"; };
		AFE11D4D254A9F83003EB6E5 /* SplashViewModel.swift */ = {isa = PBXFileReference; lastKnownFileType = sourcecode.swift; path = SplashViewModel.swift; sourceTree = "<group>"; };
		AFE11D59254AA155003EB6E5 /* BaeminSampleService.swift */ = {isa = PBXFileReference; lastKnownFileType = sourcecode.swift; path = BaeminSampleService.swift; sourceTree = "<group>"; };
		AFE11D5F254AA187003EB6E5 /* SplashInteractor.swift */ = {isa = PBXFileReference; lastKnownFileType = sourcecode.swift; path = SplashInteractor.swift; sourceTree = "<group>"; };
		AFE11D67254AA192003EB6E5 /* MainInteractor.swift */ = {isa = PBXFileReference; lastKnownFileType = sourcecode.swift; path = MainInteractor.swift; sourceTree = "<group>"; };
		AFE11D6F254AA1D7003EB6E5 /* Chainable.swift */ = {isa = PBXFileReference; lastKnownFileType = sourcecode.swift; path = Chainable.swift; sourceTree = "<group>"; };
		AFE11D74254AA1ED003EB6E5 /* UIView+Chainable.swift */ = {isa = PBXFileReference; lastKnownFileType = sourcecode.swift; path = "UIView+Chainable.swift"; sourceTree = "<group>"; };
		AFE11D79254AA21C003EB6E5 /* UIViewController+Chainable.swift */ = {isa = PBXFileReference; lastKnownFileType = sourcecode.swift; path = "UIViewController+Chainable.swift"; sourceTree = "<group>"; };
		AFE11D80254AA257003EB6E5 /* BaseViewController.swift */ = {isa = PBXFileReference; lastKnownFileType = sourcecode.swift; path = BaseViewController.swift; sourceTree = "<group>"; };
		AFE11D95254AA2F1003EB6E5 /* Rx+UIViewController.swift */ = {isa = PBXFileReference; lastKnownFileType = sourcecode.swift; path = "Rx+UIViewController.swift"; sourceTree = "<group>"; };
		AFE11D9A254AA2F7003EB6E5 /* Thread.swift */ = {isa = PBXFileReference; lastKnownFileType = sourcecode.swift; path = Thread.swift; sourceTree = "<group>"; };
		AFE11DAF254AA370003EB6E5 /* Keyboard.swift */ = {isa = PBXFileReference; lastKnownFileType = sourcecode.swift; path = Keyboard.swift; sourceTree = "<group>"; };
		AFE11DC3254AA4CB003EB6E5 /* UserDefault.swift */ = {isa = PBXFileReference; lastKnownFileType = sourcecode.swift; path = UserDefault.swift; sourceTree = "<group>"; };
		AFE11DD0254AA5CC003EB6E5 /* BaseNavigator.swift */ = {isa = PBXFileReference; lastKnownFileType = sourcecode.swift; path = BaseNavigator.swift; sourceTree = "<group>"; };
		AFE11DD5254AA66C003EB6E5 /* BaseViewModel.swift */ = {isa = PBXFileReference; lastKnownFileType = sourcecode.swift; path = BaseViewModel.swift; sourceTree = "<group>"; };
		AFE11DEF254AAA51003EB6E5 /* SplashNavigator.swift */ = {isa = PBXFileReference; lastKnownFileType = sourcecode.swift; path = SplashNavigator.swift; sourceTree = "<group>"; };
		AFE11E0A254AB300003EB6E5 /* BaseImageView.swift */ = {isa = PBXFileReference; lastKnownFileType = sourcecode.swift; path = BaseImageView.swift; sourceTree = "<group>"; };
		AFE11E14254AB880003EB6E5 /* RxSwift.swift */ = {isa = PBXFileReference; lastKnownFileType = sourcecode.swift; path = RxSwift.swift; sourceTree = "<group>"; };
		AFE11E1A254AB93B003EB6E5 /* BaeminAPI.swift */ = {isa = PBXFileReference; lastKnownFileType = sourcecode.swift; path = BaeminAPI.swift; sourceTree = "<group>"; };
		AFE11E27254ABE14003EB6E5 /* BaeminResponse.swift */ = {isa = PBXFileReference; lastKnownFileType = sourcecode.swift; path = BaeminResponse.swift; sourceTree = "<group>"; };
		AFE11E34254AC206003EB6E5 /* DeliveryHome.swift */ = {isa = PBXFileReference; lastKnownFileType = sourcecode.swift; path = DeliveryHome.swift; sourceTree = "<group>"; };
		AFE11E3F254AC6F5003EB6E5 /* Splash.json */ = {isa = PBXFileReference; lastKnownFileType = text.json; path = Splash.json; sourceTree = "<group>"; };
		AFE11E4F254AC915003EB6E5 /* Splash.swift */ = {isa = PBXFileReference; lastKnownFileType = sourcecode.swift; path = Splash.swift; sourceTree = "<group>"; };
		AFE4CA27255E849A00E5755A /* DeliveryCategoryCell.swift */ = {isa = PBXFileReference; lastKnownFileType = sourcecode.swift; path = DeliveryCategoryCell.swift; sourceTree = "<group>"; };
		AFE4CA2C255E8A5100E5755A /* DeliverySearchBarView.swift */ = {isa = PBXFileReference; lastKnownFileType = sourcecode.swift; path = DeliverySearchBarView.swift; sourceTree = "<group>"; };
		AFE59BE32552F49500A18003 /* QrcodeViewController.swift */ = {isa = PBXFileReference; lastKnownFileType = sourcecode.swift; path = QrcodeViewController.swift; sourceTree = "<group>"; };
		AFE59BE82552F49B00A18003 /* QrcodeViewModel.swift */ = {isa = PBXFileReference; lastKnownFileType = sourcecode.swift; path = QrcodeViewModel.swift; sourceTree = "<group>"; };
		AFE59BF72553987400A18003 /* LottieAnimationView.swift */ = {isa = PBXFileReference; lastKnownFileType = sourcecode.swift; path = LottieAnimationView.swift; sourceTree = "<group>"; };
		AFE59C062553B53E00A18003 /* ActivityIndicatorPresenter.swift */ = {isa = PBXFileReference; lastKnownFileType = sourcecode.swift; path = ActivityIndicatorPresenter.swift; sourceTree = "<group>"; };
		AFE59C0B2553B5B800A18003 /* UIApplication+Extension.swift */ = {isa = PBXFileReference; lastKnownFileType = sourcecode.swift; path = "UIApplication+Extension.swift"; sourceTree = "<group>"; };
		AFE5BCFA25523FEC00C0F390 /* StoreViewController.swift */ = {isa = PBXFileReference; lastKnownFileType = sourcecode.swift; path = StoreViewController.swift; sourceTree = "<group>"; };
		AFE5BD0525523FF700C0F390 /* StoreViewModel.swift */ = {isa = PBXFileReference; lastKnownFileType = sourcecode.swift; path = StoreViewModel.swift; sourceTree = "<group>"; };
		AFE5BD0A25523FFF00C0F390 /* DirectViewController.swift */ = {isa = PBXFileReference; lastKnownFileType = sourcecode.swift; path = DirectViewController.swift; sourceTree = "<group>"; };
		AFE5BD0F2552400600C0F390 /* DirectViewModel.swift */ = {isa = PBXFileReference; lastKnownFileType = sourcecode.swift; path = DirectViewModel.swift; sourceTree = "<group>"; };
		AFE5BD142552400E00C0F390 /* PhoneViewController.swift */ = {isa = PBXFileReference; lastKnownFileType = sourcecode.swift; path = PhoneViewController.swift; sourceTree = "<group>"; };
		AFE5BD192552401B00C0F390 /* PhoneViewModel.swift */ = {isa = PBXFileReference; lastKnownFileType = sourcecode.swift; path = PhoneViewModel.swift; sourceTree = "<group>"; };
		AFE5BD1E255240E600C0F390 /* LikePageBarItem.swift */ = {isa = PBXFileReference; lastKnownFileType = sourcecode.swift; path = LikePageBarItem.swift; sourceTree = "<group>"; };
		AFE5BD2C255245B000C0F390 /* ListPageBarItem.swift */ = {isa = PBXFileReference; lastKnownFileType = sourcecode.swift; path = ListPageBarItem.swift; sourceTree = "<group>"; };
		AFE5BD36255245F400C0F390 /* DeliveryListViewController.swift */ = {isa = PBXFileReference; lastKnownFileType = sourcecode.swift; path = DeliveryListViewController.swift; sourceTree = "<group>"; };
		AFE5BD3E255245FC00C0F390 /* DeliveryListViewModel.swift */ = {isa = PBXFileReference; lastKnownFileType = sourcecode.swift; path = DeliveryListViewModel.swift; sourceTree = "<group>"; };
		AFE5BD432552460500C0F390 /* BmartListViewController.swift */ = {isa = PBXFileReference; lastKnownFileType = sourcecode.swift; path = BmartListViewController.swift; sourceTree = "<group>"; };
		AFE5BD482552460E00C0F390 /* BmartListViewModel.swift */ = {isa = PBXFileReference; lastKnownFileType = sourcecode.swift; path = BmartListViewModel.swift; sourceTree = "<group>"; };
		AFE5BD4E25525D6B00C0F390 /* UIViewController+Extension.swift */ = {isa = PBXFileReference; lastKnownFileType = sourcecode.swift; path = "UIViewController+Extension.swift"; sourceTree = "<group>"; };
		AFE5BD5325525DD800C0F390 /* BarButtonItemStyle.swift */ = {isa = PBXFileReference; lastKnownFileType = sourcecode.swift; path = BarButtonItemStyle.swift; sourceTree = "<group>"; };
		AFE5BD632552759300C0F390 /* AlarmViewController.swift */ = {isa = PBXFileReference; lastKnownFileType = sourcecode.swift; path = AlarmViewController.swift; sourceTree = "<group>"; };
		AFE5BD682552759900C0F390 /* AlarmViewModel.swift */ = {isa = PBXFileReference; lastKnownFileType = sourcecode.swift; path = AlarmViewModel.swift; sourceTree = "<group>"; };
		AFE8FD79255D597A003B345B /* loading_indicator.json */ = {isa = PBXFileReference; fileEncoding = 4; lastKnownFileType = text.json; path = loading_indicator.json; sourceTree = "<group>"; };
		AFE8FD88255D669B003B345B /* BaseCollectionView.swift */ = {isa = PBXFileReference; lastKnownFileType = sourcecode.swift; path = BaseCollectionView.swift; sourceTree = "<group>"; };
		AFE8FD8D255D6A1D003B345B /* DeliveryBannerCell.swift */ = {isa = PBXFileReference; lastKnownFileType = sourcecode.swift; path = DeliveryBannerCell.swift; sourceTree = "<group>"; };
		AFE8FD9B255D6B00003B345B /* UICollectionView+Chainable.swift */ = {isa = PBXFileReference; lastKnownFileType = sourcecode.swift; path = "UICollectionView+Chainable.swift"; sourceTree = "<group>"; };
		AFE8FDA0255D6B7F003B345B /* BaseCollectionViewCell.swift */ = {isa = PBXFileReference; lastKnownFileType = sourcecode.swift; path = BaseCollectionViewCell.swift; sourceTree = "<group>"; };
/* End PBXFileReference section */

/* Begin PBXFrameworksBuildPhase section */
		AFE11CD1254A8F37003EB6E5 /* Frameworks */ = {
			isa = PBXFrameworksBuildPhase;
			buildActionMask = 2147483647;
			files = (
				AFE11D36254A92DB003EB6E5 /* RxMoya in Frameworks */,
				AFE11D28254A9220003EB6E5 /* RxCocoa in Frameworks */,
				AFE11D30254A925F003EB6E5 /* SnapKit in Frameworks */,
				AFE11D26254A9220003EB6E5 /* RxRelay in Frameworks */,
				AFAF927F255E43400003C97A /* Kingfisher in Frameworks */,
				AFE11D22254A9220003EB6E5 /* RxSwift in Frameworks */,
				AF05CF292559434800113C2E /* Resolver in Frameworks */,
				AFE59BF0255397D400A18003 /* Lottie in Frameworks */,
			);
			runOnlyForDeploymentPostprocessing = 0;
		};
		AFE11CE7254A8F39003EB6E5 /* Frameworks */ = {
			isa = PBXFrameworksBuildPhase;
			buildActionMask = 2147483647;
			files = (
				AFE11D24254A9220003EB6E5 /* RxTest in Frameworks */,
				AFE11D2A254A9220003EB6E5 /* RxBlocking in Frameworks */,
			);
			runOnlyForDeploymentPostprocessing = 0;
		};
		AFE11CF2254A8F39003EB6E5 /* Frameworks */ = {
			isa = PBXFrameworksBuildPhase;
			buildActionMask = 2147483647;
			files = (
			);
			runOnlyForDeploymentPostprocessing = 0;
		};
/* End PBXFrameworksBuildPhase section */

/* Begin PBXGroup section */
		AF31140925501BEF0005F6E7 /* Components */ = {
			isa = PBXGroup;
			children = (
				AF31141C2550288E0005F6E7 /* PageBar.swift */,
				AF31140A25501C000005F6E7 /* PageBarItem.swift */,
				AFE59BF72553987400A18003 /* LottieAnimationView.swift */,
				AF75B2BA255A702F0080832B /* BaeminRefresh.swift */,
				AFB6F0F8255EA1AB00CCCDD0 /* EmptyView.swift */,
			);
			path = Components;
			sourceTree = "<group>";
		};
		AF6CBCE2254B27F2000B2AA7 /* Constants */ = {
			isa = PBXGroup;
			children = (
				AF6CBCE3254B2811000B2AA7 /* Padding.swift */,
				AF6CBCEB254B2825000B2AA7 /* Font.swift */,
				AF6CBCF0254B282D000B2AA7 /* Color.swift */,
				AF6CBDD4254EEAC8000B2AA7 /* Image.swift */,
				AF6CBE14254F9D26000B2AA7 /* Text.swift */,
				AF67A6DC255BC07500344181 /* Device.swift */,
			);
			path = Constants;
			sourceTree = "<group>";
		};
		AF6CBD17254D2B48000B2AA7 /* Logging */ = {
			isa = PBXGroup;
			children = (
				AF6CBCFC254D20F7000B2AA7 /* Log.swift */,
			);
			path = Logging;
			sourceTree = "<group>";
		};
		AF6CBD32254D37B0000B2AA7 /* Networking */ = {
			isa = PBXGroup;
			children = (
				AF6CBD33254D37D2000B2AA7 /* APIs */,
				AF6CBD37254D37F2000B2AA7 /* Samples */,
				AF6CBD29254D2F2D000B2AA7 /* NetworkProvider.swift */,
				AF6CBD3E254D38B5000B2AA7 /* NetworkLoggerPlugin.swift */,
			);
			path = Networking;
			sourceTree = "<group>";
		};
		AF6CBD33254D37D2000B2AA7 /* APIs */ = {
			isa = PBXGroup;
			children = (
				AFE11E1A254AB93B003EB6E5 /* BaeminAPI.swift */,
			);
			path = APIs;
			sourceTree = "<group>";
		};
		AF6CBD37254D37F2000B2AA7 /* Samples */ = {
			isa = PBXGroup;
			children = (
				AFE11E3F254AC6F5003EB6E5 /* Splash.json */,
				AF8D5F4B255534C800B15B67 /* DeliveryHome.json */,
				AFB6F0E8255E9E6300CCCDD0 /* Alarms.json */,
			);
			path = Samples;
			sourceTree = "<group>";
		};
		AF6CBD4B254D3F8F000B2AA7 /* Suggest */ = {
			isa = PBXGroup;
			children = (
				AF6CBD61254D4045000B2AA7 /* SuggestNavigator.swift */,
				AF6CBD69254D4056000B2AA7 /* SuggestViewController.swift */,
				AF6CBD6E254D405C000B2AA7 /* SuggestViewModel.swift */,
				AF6CBDB6254D4400000B2AA7 /* SuggestInteractor.swift */,
			);
			path = Suggest;
			sourceTree = "<group>";
		};
		AF6CBD4C254D3F9D000B2AA7 /* List */ = {
			isa = PBXGroup;
			children = (
				AFE5BD2C255245B000C0F390 /* ListPageBarItem.swift */,
				AF6CBD73254D4064000B2AA7 /* ListNavigator.swift */,
				AF6CBD78254D406B000B2AA7 /* ListViewController.swift */,
				AF6CBD7D254D4070000B2AA7 /* ListViewModel.swift */,
				AF6CBDBB254D440E000B2AA7 /* ListInteractor.swift */,
				AFE5BD35255245C700C0F390 /* Delivery List */,
				AFE5BD34255245C500C0F390 /* Bmart List */,
			);
			path = List;
			sourceTree = "<group>";
		};
		AF6CBD4D254D3FB5000B2AA7 /* Like */ = {
			isa = PBXGroup;
			children = (
				AFE5BD1E255240E600C0F390 /* LikePageBarItem.swift */,
				AF6CBD82254D4077000B2AA7 /* LikeNavigator.swift */,
				AF6CBD8A254D408C000B2AA7 /* LikeViewController.swift */,
				AF6CBD8F254D4091000B2AA7 /* LikeViewModel.swift */,
				AF6CBDC0254D4415000B2AA7 /* LikeInteractor.swift */,
				AFE5BCF725523F8100C0F390 /* Store */,
				AFE5BCF825523F9700C0F390 /* Direct */,
				AFE5BCF925523F9900C0F390 /* Phone */,
			);
			path = Like;
			sourceTree = "<group>";
		};
		AF6CBD4E254D3FBB000B2AA7 /* User */ = {
			isa = PBXGroup;
			children = (
				AF6CBD94254D4098000B2AA7 /* UserNavigator.swift */,
				AF6CBD99254D40A0000B2AA7 /* UserViewController.swift */,
				AF6CBD9E254D40A6000B2AA7 /* UserViewModel.swift */,
				AF6CBDC5254D441B000B2AA7 /* UserInteractor.swift */,
			);
			path = User;
			sourceTree = "<group>";
		};
		AF6CBDFA254F9B7A000B2AA7 /* Strings */ = {
			isa = PBXGroup;
			children = (
				AF6CBE05254F9BBA000B2AA7 /* Localizable.strings */,
			);
			path = Strings;
			sourceTree = "<group>";
		};
		AF6CBE19254FC0FB000B2AA7 /* Delivery */ = {
			isa = PBXGroup;
			children = (
				AF6CBE1C254FC146000B2AA7 /* DeliveryViewController.swift */,
				AF6CBE21254FC151000B2AA7 /* DeliveryViewModel.swift */,
				AFE4CA31255E96BA00E5755A /* subviews */,
			);
			path = Delivery;
			sourceTree = "<group>";
		};
		AF6CBE1B254FC11D000B2AA7 /* Visit */ = {
			isa = PBXGroup;
			children = (
				AF6CBE26254FC15B000B2AA7 /* VisitViewController.swift */,
				AF6CBE2B254FC164000B2AA7 /* VisitViewModel.swift */,
			);
			path = Visit;
			sourceTree = "<group>";
		};
		AF75B295255A49860080832B /* Architecture bases */ = {
			isa = PBXGroup;
			children = (
				AFE11D80254AA257003EB6E5 /* BaseViewController.swift */,
				AF6CBDCA254EC010000B2AA7 /* BaseNavigationController.swift */,
				AF6CBE30254FC1EC000B2AA7 /* BasePageViewController.swift */,
				AF6CBDA3254D43A5000B2AA7 /* BaseTabBarController.swift */,
				AFE11DD5254AA66C003EB6E5 /* BaseViewModel.swift */,
				AFE11DD0254AA5CC003EB6E5 /* BaseNavigator.swift */,
				AF75B28B255A49770080832B /* BaseService.swift */,
				AF75B290255A497F0080832B /* BaseInteractor.swift */,
			);
			name = "Architecture bases";
			sourceTree = "<group>";
		};
		AF75B296255A499B0080832B /* UIKit bases */ = {
			isa = PBXGroup;
			children = (
				AFE11E0A254AB300003EB6E5 /* BaseImageView.swift */,
				AF19453D25512927004AE30A /* BaseView.swift */,
				AF19454225516217004AE30A /* BaseButton.swift */,
				AFE8FD88255D669B003B345B /* BaseCollectionView.swift */,
				AFE8FDA0255D6B7F003B345B /* BaseCollectionViewCell.swift */,
			);
			name = "UIKit bases";
			sourceTree = "<group>";
		};
		AFE11CCB254A8F37003EB6E5 = {
			isa = PBXGroup;
			children = (
				AFE11CD6254A8F37003EB6E5 /* baemin */,
				AFE11CED254A8F39003EB6E5 /* baeminTests */,
				AFE11CF8254A8F39003EB6E5 /* baeminUITests */,
				AFE11CD5254A8F37003EB6E5 /* Products */,
			);
			sourceTree = "<group>";
		};
		AFE11CD5254A8F37003EB6E5 /* Products */ = {
			isa = PBXGroup;
			children = (
				AFE11CD4254A8F37003EB6E5 /* baemin.app */,
				AFE11CEA254A8F39003EB6E5 /* baeminTests.xctest */,
				AFE11CF5254A8F39003EB6E5 /* baeminUITests.xctest */,
			);
			name = Products;
			sourceTree = "<group>";
		};
		AFE11CD6254A8F37003EB6E5 /* baemin */ = {
			isa = PBXGroup;
			children = (
				AFE11D14254A900C003EB6E5 /* Sources */,
				AFE11D10254A8FFF003EB6E5 /* Resources */,
			);
			path = baemin;
			sourceTree = "<group>";
		};
		AFE11CED254A8F39003EB6E5 /* baeminTests */ = {
			isa = PBXGroup;
			children = (
				AFE11CEE254A8F39003EB6E5 /* baeminTests.swift */,
				AFE11CF0254A8F39003EB6E5 /* Info.plist */,
			);
			path = baeminTests;
			sourceTree = "<group>";
		};
		AFE11CF8254A8F39003EB6E5 /* baeminUITests */ = {
			isa = PBXGroup;
			children = (
				AFE11CF9254A8F39003EB6E5 /* baeminUITests.swift */,
				AFE11CFB254A8F39003EB6E5 /* Info.plist */,
			);
			path = baeminUITests;
			sourceTree = "<group>";
		};
		AFE11D10254A8FFF003EB6E5 /* Resources */ = {
			isa = PBXGroup;
			children = (
				AF6CBDFA254F9B7A000B2AA7 /* Strings */,
				AFE11D46254A949E003EB6E5 /* plists */,
				AFE11D45254A9496003EB6E5 /* Storyboards */,
				AFE11D44254A948E003EB6E5 /* Assets */,
			);
			path = Resources;
			sourceTree = "<group>";
		};
		AFE11D14254A900C003EB6E5 /* Sources */ = {
			isa = PBXGroup;
			children = (
				AFE11D18254A9029003EB6E5 /* Application */,
				AFE11D1C254A9030003EB6E5 /* Scenes */,
				AFE11D58254AA132003EB6E5 /* Services */,
				AFE11E26254ABE08003EB6E5 /* Models */,
				AFE11D7E254AA232003EB6E5 /* Commons */,
			);
			path = Sources;
			sourceTree = "<group>";
		};
		AFE11D18254A9029003EB6E5 /* Application */ = {
			isa = PBXGroup;
			children = (
				AFE11CD7254A8F37003EB6E5 /* AppDelegate.swift */,
				AF05CF36255945B700113C2E /* AppDelegate+Injection.swift */,
			);
			path = Application;
			sourceTree = "<group>";
		};
		AFE11D1C254A9030003EB6E5 /* Scenes */ = {
			isa = PBXGroup;
			children = (
				AFE11DE6254AA814003EB6E5 /* Splash */,
				AFE11E0F254AB773003EB6E5 /* Main */,
				AFE11E10254AB77C003EB6E5 /* Home */,
				AF6CBD4B254D3F8F000B2AA7 /* Suggest */,
				AF6CBD4D254D3FB5000B2AA7 /* Like */,
				AF6CBD4C254D3F9D000B2AA7 /* List */,
				AF6CBD4E254D3FBB000B2AA7 /* User */,
			);
			path = Scenes;
			sourceTree = "<group>";
		};
		AFE11D44254A948E003EB6E5 /* Assets */ = {
			isa = PBXGroup;
			children = (
				AF6CBD43254D3DB9000B2AA7 /* Colors.xcassets */,
				AFE11CE0254A8F39003EB6E5 /* Images.xcassets */,
				AFE59C102553B75400A18003 /* Lotties */,
			);
			path = Assets;
			sourceTree = "<group>";
		};
		AFE11D45254A9496003EB6E5 /* Storyboards */ = {
			isa = PBXGroup;
			children = (
				AFE11CE2254A8F39003EB6E5 /* LaunchScreen.storyboard */,
			);
			path = Storyboards;
			sourceTree = "<group>";
		};
		AFE11D46254A949E003EB6E5 /* plists */ = {
			isa = PBXGroup;
			children = (
				AFE11CE5254A8F39003EB6E5 /* Info.plist */,
			);
			path = plists;
			sourceTree = "<group>";
		};
		AFE11D58254AA132003EB6E5 /* Services */ = {
			isa = PBXGroup;
			children = (
				AFE11D59254AA155003EB6E5 /* BaeminSampleService.swift */,
			);
			path = Services;
			sourceTree = "<group>";
		};
		AFE11D6C254AA19A003EB6E5 /* Uitilities */ = {
			isa = PBXGroup;
			children = (
				AFE59C052553B53000A18003 /* Indicator */,
				AF6CBD32254D37B0000B2AA7 /* Networking */,
				AF6CBD17254D2B48000B2AA7 /* Logging */,
				AF6CBCE2254B27F2000B2AA7 /* Constants */,
				AFE11D6E254AA1BF003EB6E5 /* Property wrappers */,
				AFE11D6D254AA1B5003EB6E5 /* Chainable */,
				AFE11DAE254AA35E003EB6E5 /* Keyboard */,
			);
			path = Uitilities;
			sourceTree = "<group>";
		};
		AFE11D6D254AA1B5003EB6E5 /* Chainable */ = {
			isa = PBXGroup;
			children = (
				AFE11D6F254AA1D7003EB6E5 /* Chainable.swift */,
				AFE11D74254AA1ED003EB6E5 /* UIView+Chainable.swift */,
				AFE11D79254AA21C003EB6E5 /* UIViewController+Chainable.swift */,
				AF31141225501CB40005F6E7 /* UILabel+Chainable.swift */,
				AF31141725501D180005F6E7 /* UIStackView+Chainable.swift */,
				AF3114042550190C0005F6E7 /* UITabBar+Chainable.swift */,
				AF6CBDCF254EC6C0000B2AA7 /* UITabBarItem+Chainable.swift */,
				AF19454725516530004AE30A /* UIButton+Chainable.swift */,
				AF8D5F5C2555408700B15B67 /* UIImageView+Chainable.swift */,
				AF75B29E255A5E060080832B /* BasePageViewController+Chainable.swift */,
				AF8706F6255A73740007DD89 /* UIScrollView+Chainable.swift */,
				AFE8FD9B255D6B00003B345B /* UICollectionView+Chainable.swift */,
			);
			path = Chainable;
			sourceTree = "<group>";
		};
		AFE11D6E254AA1BF003EB6E5 /* Property wrappers */ = {
			isa = PBXGroup;
			children = (
				AFE11DC3254AA4CB003EB6E5 /* UserDefault.swift */,
			);
			path = "Property wrappers";
			sourceTree = "<group>";
		};
		AFE11D7E254AA232003EB6E5 /* Commons */ = {
			isa = PBXGroup;
			children = (
				AFE11D7F254AA244003EB6E5 /* Bases */,
				AF31140925501BEF0005F6E7 /* Components */,
				AFE11D6C254AA19A003EB6E5 /* Uitilities */,
				AFE11D92254AA2C6003EB6E5 /* Extensions */,
			);
			path = Commons;
			sourceTree = "<group>";
		};
		AFE11D7F254AA244003EB6E5 /* Bases */ = {
			isa = PBXGroup;
			children = (
				AF75B295255A49860080832B /* Architecture bases */,
				AF75B296255A499B0080832B /* UIKit bases */,
			);
			name = Bases;
			sourceTree = "<group>";
		};
		AFE11D92254AA2C6003EB6E5 /* Extensions */ = {
			isa = PBXGroup;
			children = (
				AFE11D93254AA2D5003EB6E5 /* Reactive */,
				AFE11D94254AA2E1003EB6E5 /* Foundation */,
				AFE11E00254AB092003EB6E5 /* UIKit */,
			);
			path = Extensions;
			sourceTree = "<group>";
		};
		AFE11D93254AA2D5003EB6E5 /* Reactive */ = {
			isa = PBXGroup;
			children = (
				AFE11D95254AA2F1003EB6E5 /* Rx+UIViewController.swift */,
				AFE11E14254AB880003EB6E5 /* RxSwift.swift */,
			);
			path = Reactive;
			sourceTree = "<group>";
		};
		AFE11D94254AA2E1003EB6E5 /* Foundation */ = {
			isa = PBXGroup;
			children = (
				AFE11D9A254AA2F7003EB6E5 /* Thread.swift */,
				AF6CBD04254D2215000B2AA7 /* Date.swift */,
				AF6CBE0C254F9D0A000B2AA7 /* String.swift */,
			);
			name = Foundation;
			sourceTree = "<group>";
		};
		AFE11DAE254AA35E003EB6E5 /* Keyboard */ = {
			isa = PBXGroup;
			children = (
				AFE11DAF254AA370003EB6E5 /* Keyboard.swift */,
			);
			path = Keyboard;
			sourceTree = "<group>";
		};
		AFE11DE6254AA814003EB6E5 /* Splash */ = {
			isa = PBXGroup;
			children = (
				AFE11DEF254AAA51003EB6E5 /* SplashNavigator.swift */,
				AFE11CDB254A8F37003EB6E5 /* SplashViewController.swift */,
				AFE11D4D254A9F83003EB6E5 /* SplashViewModel.swift */,
				AFE11D5F254AA187003EB6E5 /* SplashInteractor.swift */,
			);
			path = Splash;
			sourceTree = "<group>";
		};
		AFE11E00254AB092003EB6E5 /* UIKit */ = {
			isa = PBXGroup;
			children = (
				AFE5BD5325525DD800C0F390 /* BarButtonItemStyle.swift */,
				AFE5BD4E25525D6B00C0F390 /* UIViewController+Extension.swift */,
				AFE59C0B2553B5B800A18003 /* UIApplication+Extension.swift */,
				AF8706F1255A73140007DD89 /* UIView+Extension.swift */,
			);
			path = UIKit;
			sourceTree = "<group>";
		};
		AFE11E0F254AB773003EB6E5 /* Main */ = {
			isa = PBXGroup;
			children = (
				AF6CBDE9254F2177000B2AA7 /* MainTabBarItem.swift */,
				AF6CBCCE254B2701000B2AA7 /* MainNavigator.swift */,
				AF6CBCD3254B270A000B2AA7 /* MainViewController.swift */,
				AF6CBCDD254B272B000B2AA7 /* MainViewModel.swift */,
				AFE11D67254AA192003EB6E5 /* MainInteractor.swift */,
			);
			path = Main;
			sourceTree = "<group>";
		};
		AFE11E10254AB77C003EB6E5 /* Home */ = {
			isa = PBXGroup;
			children = (
				AF8041DB2550DF0E0050E35D /* HomePageBarItem.swift */,
				AF6CBD4F254D4031000B2AA7 /* HomeNavigator.swift */,
				AF6CBD57254D4037000B2AA7 /* HomeViewController.swift */,
				AF6CBD5C254D403D000B2AA7 /* HomeViewModel.swift */,
				AF6CBDB1254D43F4000B2AA7 /* HomeInteractor.swift */,
				AF6CBE19254FC0FB000B2AA7 /* Delivery */,
				AF6CBE1B254FC11D000B2AA7 /* Visit */,
				AFE5BD612552757D00C0F390 /* Alarm */,
				AFE5BD622552758500C0F390 /* Qrcode */,
			);
			path = Home;
			sourceTree = "<group>";
		};
		AFE11E26254ABE08003EB6E5 /* Models */ = {
			isa = PBXGroup;
			children = (
				AFE11E27254ABE14003EB6E5 /* BaeminResponse.swift */,
				AF67A6D4255B77B600344181 /* DeliveryCategory.swift */,
				AFE11E4F254AC915003EB6E5 /* Splash.swift */,
				AF8D5F642555430E00B15B67 /* Banner.swift */,
				AFE11E34254AC206003EB6E5 /* DeliveryHome.swift */,
				AFB6F0DD255E9E0800CCCDD0 /* Alarm.swift */,
			);
			path = Models;
			sourceTree = "<group>";
		};
		AFE4CA31255E96BA00E5755A /* subviews */ = {
			isa = PBXGroup;
			children = (
				AFE8FD8D255D6A1D003B345B /* DeliveryBannerCell.swift */,
				AFE4CA27255E849A00E5755A /* DeliveryCategoryCell.swift */,
				AFE4CA2C255E8A5100E5755A /* DeliverySearchBarView.swift */,
			);
			path = subviews;
			sourceTree = "<group>";
		};
		AFE59C052553B53000A18003 /* Indicator */ = {
			isa = PBXGroup;
			children = (
				AFE59C062553B53E00A18003 /* ActivityIndicatorPresenter.swift */,
			);
			path = Indicator;
			sourceTree = "<group>";
		};
		AFE59C102553B75400A18003 /* Lotties */ = {
			isa = PBXGroup;
			children = (
				AFE8FD79255D597A003B345B /* loading_indicator.json */,
			);
			path = Lotties;
			sourceTree = "<group>";
		};
		AFE5BCF725523F8100C0F390 /* Store */ = {
			isa = PBXGroup;
			children = (
				AFE5BCFA25523FEC00C0F390 /* StoreViewController.swift */,
				AFE5BD0525523FF700C0F390 /* StoreViewModel.swift */,
			);
			path = Store;
			sourceTree = "<group>";
		};
		AFE5BCF825523F9700C0F390 /* Direct */ = {
			isa = PBXGroup;
			children = (
				AFE5BD0A25523FFF00C0F390 /* DirectViewController.swift */,
				AFE5BD0F2552400600C0F390 /* DirectViewModel.swift */,
			);
			path = Direct;
			sourceTree = "<group>";
		};
		AFE5BCF925523F9900C0F390 /* Phone */ = {
			isa = PBXGroup;
			children = (
				AFE5BD142552400E00C0F390 /* PhoneViewController.swift */,
				AFE5BD192552401B00C0F390 /* PhoneViewModel.swift */,
			);
			path = Phone;
			sourceTree = "<group>";
		};
		AFE5BD34255245C500C0F390 /* Bmart List */ = {
			isa = PBXGroup;
			children = (
				AFE5BD432552460500C0F390 /* BmartListViewController.swift */,
				AFE5BD482552460E00C0F390 /* BmartListViewModel.swift */,
			);
			path = "Bmart List";
			sourceTree = "<group>";
		};
		AFE5BD35255245C700C0F390 /* Delivery List */ = {
			isa = PBXGroup;
			children = (
				AFE5BD36255245F400C0F390 /* DeliveryListViewController.swift */,
				AFE5BD3E255245FC00C0F390 /* DeliveryListViewModel.swift */,
			);
			path = "Delivery List";
			sourceTree = "<group>";
		};
		AFE5BD612552757D00C0F390 /* Alarm */ = {
			isa = PBXGroup;
			children = (
				AFE5BD632552759300C0F390 /* AlarmViewController.swift */,
				AFE5BD682552759900C0F390 /* AlarmViewModel.swift */,
			);
			path = Alarm;
			sourceTree = "<group>";
		};
		AFE5BD622552758500C0F390 /* Qrcode */ = {
			isa = PBXGroup;
			children = (
				AFE59BE32552F49500A18003 /* QrcodeViewController.swift */,
				AFE59BE82552F49B00A18003 /* QrcodeViewModel.swift */,
			);
			path = Qrcode;
			sourceTree = "<group>";
		};
/* End PBXGroup section */

/* Begin PBXNativeTarget section */
		AFE11CD3254A8F37003EB6E5 /* baemin */ = {
			isa = PBXNativeTarget;
			buildConfigurationList = AFE11CFE254A8F39003EB6E5 /* Build configuration list for PBXNativeTarget "baemin" */;
			buildPhases = (
				AFE11CD0254A8F37003EB6E5 /* Sources */,
				AFE11CD1254A8F37003EB6E5 /* Frameworks */,
				AFE11CD2254A8F37003EB6E5 /* Resources */,
			);
			buildRules = (
			);
			dependencies = (
			);
			name = baemin;
			packageProductDependencies = (
				AFE11D21254A9220003EB6E5 /* RxSwift */,
				AFE11D25254A9220003EB6E5 /* RxRelay */,
				AFE11D27254A9220003EB6E5 /* RxCocoa */,
				AFE11D2F254A925F003EB6E5 /* SnapKit */,
				AFE11D35254A92DB003EB6E5 /* RxMoya */,
				AFE59BEF255397D400A18003 /* Lottie */,
				AF05CF282559434800113C2E /* Resolver */,
				AFAF927E255E43400003C97A /* Kingfisher */,
			);
			productName = baemin;
			productReference = AFE11CD4254A8F37003EB6E5 /* baemin.app */;
			productType = "com.apple.product-type.application";
		};
		AFE11CE9254A8F39003EB6E5 /* baeminTests */ = {
			isa = PBXNativeTarget;
			buildConfigurationList = AFE11D01254A8F39003EB6E5 /* Build configuration list for PBXNativeTarget "baeminTests" */;
			buildPhases = (
				AFE11CE6254A8F39003EB6E5 /* Sources */,
				AFE11CE7254A8F39003EB6E5 /* Frameworks */,
				AFE11CE8254A8F39003EB6E5 /* Resources */,
			);
			buildRules = (
			);
			dependencies = (
				AFE11CEC254A8F39003EB6E5 /* PBXTargetDependency */,
			);
			name = baeminTests;
			packageProductDependencies = (
				AFE11D23254A9220003EB6E5 /* RxTest */,
				AFE11D29254A9220003EB6E5 /* RxBlocking */,
			);
			productName = baeminTests;
			productReference = AFE11CEA254A8F39003EB6E5 /* baeminTests.xctest */;
			productType = "com.apple.product-type.bundle.unit-test";
		};
		AFE11CF4254A8F39003EB6E5 /* baeminUITests */ = {
			isa = PBXNativeTarget;
			buildConfigurationList = AFE11D04254A8F39003EB6E5 /* Build configuration list for PBXNativeTarget "baeminUITests" */;
			buildPhases = (
				AFE11CF1254A8F39003EB6E5 /* Sources */,
				AFE11CF2254A8F39003EB6E5 /* Frameworks */,
				AFE11CF3254A8F39003EB6E5 /* Resources */,
			);
			buildRules = (
			);
			dependencies = (
				AFE11CF7254A8F39003EB6E5 /* PBXTargetDependency */,
			);
			name = baeminUITests;
			productName = baeminUITests;
			productReference = AFE11CF5254A8F39003EB6E5 /* baeminUITests.xctest */;
			productType = "com.apple.product-type.bundle.ui-testing";
		};
/* End PBXNativeTarget section */

/* Begin PBXProject section */
		AFE11CCC254A8F37003EB6E5 /* Project object */ = {
			isa = PBXProject;
			attributes = {
				LastSwiftUpdateCheck = 1200;
				LastUpgradeCheck = 1200;
				TargetAttributes = {
					AFE11CD3254A8F37003EB6E5 = {
						CreatedOnToolsVersion = 12.0.1;
					};
					AFE11CE9254A8F39003EB6E5 = {
						CreatedOnToolsVersion = 12.0.1;
						TestTargetID = AFE11CD3254A8F37003EB6E5;
					};
					AFE11CF4254A8F39003EB6E5 = {
						CreatedOnToolsVersion = 12.0.1;
						TestTargetID = AFE11CD3254A8F37003EB6E5;
					};
				};
			};
			buildConfigurationList = AFE11CCF254A8F37003EB6E5 /* Build configuration list for PBXProject "baemin" */;
			compatibilityVersion = "Xcode 9.3";
			developmentRegion = en;
			hasScannedForEncodings = 0;
			knownRegions = (
				en,
				Base,
				ko,
			);
			mainGroup = AFE11CCB254A8F37003EB6E5;
			packageReferences = (
				AFE11D20254A9220003EB6E5 /* XCRemoteSwiftPackageReference "RxSwift" */,
				AFE11D2E254A925F003EB6E5 /* XCRemoteSwiftPackageReference "SnapKit" */,
				AFE11D34254A92DB003EB6E5 /* XCRemoteSwiftPackageReference "Moya" */,
				AFE59BEE255397D400A18003 /* XCRemoteSwiftPackageReference "lottie-ios" */,
				AF05CF272559434800113C2E /* XCRemoteSwiftPackageReference "Resolver" */,
				AFAF927D255E43400003C97A /* XCRemoteSwiftPackageReference "Kingfisher" */,
			);
			productRefGroup = AFE11CD5254A8F37003EB6E5 /* Products */;
			projectDirPath = "";
			projectRoot = "";
			targets = (
				AFE11CD3254A8F37003EB6E5 /* baemin */,
				AFE11CE9254A8F39003EB6E5 /* baeminTests */,
				AFE11CF4254A8F39003EB6E5 /* baeminUITests */,
			);
		};
/* End PBXProject section */

/* Begin PBXResourcesBuildPhase section */
		AFE11CD2254A8F37003EB6E5 /* Resources */ = {
			isa = PBXResourcesBuildPhase;
			buildActionMask = 2147483647;
			files = (
				AF8D5F4C255534C800B15B67 /* DeliveryHome.json in Resources */,
				AF6CBE03254F9BBA000B2AA7 /* Localizable.strings in Resources */,
				AFE11CE4254A8F39003EB6E5 /* LaunchScreen.storyboard in Resources */,
				AF6CBD44254D3DB9000B2AA7 /* Colors.xcassets in Resources */,
				AFE11CE1254A8F39003EB6E5 /* Images.xcassets in Resources */,
				AFE8FD7A255D597A003B345B /* loading_indicator.json in Resources */,
				AFE11E40254AC6F5003EB6E5 /* Splash.json in Resources */,
				AFB6F0E9255E9E6300CCCDD0 /* Alarms.json in Resources */,
			);
			runOnlyForDeploymentPostprocessing = 0;
		};
		AFE11CE8254A8F39003EB6E5 /* Resources */ = {
			isa = PBXResourcesBuildPhase;
			buildActionMask = 2147483647;
			files = (
			);
			runOnlyForDeploymentPostprocessing = 0;
		};
		AFE11CF3254A8F39003EB6E5 /* Resources */ = {
			isa = PBXResourcesBuildPhase;
			buildActionMask = 2147483647;
			files = (
			);
			runOnlyForDeploymentPostprocessing = 0;
		};
/* End PBXResourcesBuildPhase section */

/* Begin PBXSourcesBuildPhase section */
		AFE11CD0254A8F37003EB6E5 /* Sources */ = {
			isa = PBXSourcesBuildPhase;
			buildActionMask = 2147483647;
			files = (
				AF8041DC2550DF0E0050E35D /* HomePageBarItem.swift in Sources */,
				AFE11D70254AA1D7003EB6E5 /* Chainable.swift in Sources */,
				AFE11DD6254AA66C003EB6E5 /* BaseViewModel.swift in Sources */,
				AF6CBE1D254FC146000B2AA7 /* DeliveryViewController.swift in Sources */,
				AF6CBCEC254B2825000B2AA7 /* Font.swift in Sources */,
				AF19454825516530004AE30A /* UIButton+Chainable.swift in Sources */,
				AF6CBDC1254D4415000B2AA7 /* LikeInteractor.swift in Sources */,
				AF6CBD5D254D403D000B2AA7 /* HomeViewModel.swift in Sources */,
				AFE5BD37255245F400C0F390 /* DeliveryListViewController.swift in Sources */,
				AF6CBD2A254D2F2D000B2AA7 /* NetworkProvider.swift in Sources */,
				AFE11D4E254A9F83003EB6E5 /* SplashViewModel.swift in Sources */,
				AF6CBD62254D4045000B2AA7 /* SuggestNavigator.swift in Sources */,
				AFE11DF0254AAA51003EB6E5 /* SplashNavigator.swift in Sources */,
				AF6CBE15254F9D26000B2AA7 /* Text.swift in Sources */,
				AF6CBD9F254D40A6000B2AA7 /* UserViewModel.swift in Sources */,
				AFE8FDA1255D6B7F003B345B /* BaseCollectionViewCell.swift in Sources */,
				AFE59BF82553987400A18003 /* LottieAnimationView.swift in Sources */,
				AFB6F0DE255E9E0800CCCDD0 /* Alarm.swift in Sources */,
				AF6CBE31254FC1EC000B2AA7 /* BasePageViewController.swift in Sources */,
				AFE11E35254AC206003EB6E5 /* DeliveryHome.swift in Sources */,
				AFE5BD492552460E00C0F390 /* BmartListViewModel.swift in Sources */,
				AF6CBDCB254EC010000B2AA7 /* BaseNavigationController.swift in Sources */,
				AFE11DD1254AA5CC003EB6E5 /* BaseNavigator.swift in Sources */,
				AFE11E0B254AB300003EB6E5 /* BaseImageView.swift in Sources */,
				AF6CBD58254D4037000B2AA7 /* HomeViewController.swift in Sources */,
				AFE8FD89255D669B003B345B /* BaseCollectionView.swift in Sources */,
				AFE11E15254AB880003EB6E5 /* RxSwift.swift in Sources */,
				AFE11E50254AC915003EB6E5 /* Splash.swift in Sources */,
				AF8706F7255A73740007DD89 /* UIScrollView+Chainable.swift in Sources */,
				AFE11D96254AA2F1003EB6E5 /* Rx+UIViewController.swift in Sources */,
				AF6CBD50254D4031000B2AA7 /* HomeNavigator.swift in Sources */,
				AF05CF37255945B700113C2E /* AppDelegate+Injection.swift in Sources */,
				AF75B29F255A5E060080832B /* BasePageViewController+Chainable.swift in Sources */,
				AFE11CDC254A8F37003EB6E5 /* SplashViewController.swift in Sources */,
				AF6CBCFD254D20F7000B2AA7 /* Log.swift in Sources */,
				AF6CBD7E254D4070000B2AA7 /* ListViewModel.swift in Sources */,
				AF67A6DD255BC07500344181 /* Device.swift in Sources */,
				AFE11D60254AA187003EB6E5 /* SplashInteractor.swift in Sources */,
				AF6CBDD5254EEAC8000B2AA7 /* Image.swift in Sources */,
				AFE8FD9C255D6B00003B345B /* UICollectionView+Chainable.swift in Sources */,
				AFE59C072553B53E00A18003 /* ActivityIndicatorPresenter.swift in Sources */,
				AF6CBD9A254D40A0000B2AA7 /* UserViewController.swift in Sources */,
				AF6CBD6F254D405C000B2AA7 /* SuggestViewModel.swift in Sources */,
				AFE8FD8E255D6A1D003B345B /* DeliveryBannerCell.swift in Sources */,
				AF6CBD8B254D408C000B2AA7 /* LikeViewController.swift in Sources */,
				AFE11D75254AA1ED003EB6E5 /* UIView+Chainable.swift in Sources */,
				AF6CBD79254D406B000B2AA7 /* ListViewController.swift in Sources */,
				AF67A6D5255B77B600344181 /* DeliveryCategory.swift in Sources */,
				AF6CBDB7254D4400000B2AA7 /* SuggestInteractor.swift in Sources */,
				AFE5BD0625523FF700C0F390 /* StoreViewModel.swift in Sources */,
				AF75B291255A497F0080832B /* BaseInteractor.swift in Sources */,
				AFE4CA28255E849A00E5755A /* DeliveryCategoryCell.swift in Sources */,
				AF6CBCF1254B282D000B2AA7 /* Color.swift in Sources */,
				AF31141325501CB40005F6E7 /* UILabel+Chainable.swift in Sources */,
				AFE11D81254AA257003EB6E5 /* BaseViewController.swift in Sources */,
				AF6CBD90254D4091000B2AA7 /* LikeViewModel.swift in Sources */,
				AFE5BD5425525DD800C0F390 /* BarButtonItemStyle.swift in Sources */,
				AFE11DB0254AA370003EB6E5 /* Keyboard.swift in Sources */,
				AF6CBD6A254D4056000B2AA7 /* SuggestViewController.swift in Sources */,
				AF6CBCD4254B270A000B2AA7 /* MainViewController.swift in Sources */,
				AF6CBE22254FC151000B2AA7 /* DeliveryViewModel.swift in Sources */,
				AF8D5F652555430E00B15B67 /* Banner.swift in Sources */,
				AF6CBE0D254F9D0A000B2AA7 /* String.swift in Sources */,
				AF6CBE27254FC15B000B2AA7 /* VisitViewController.swift in Sources */,
				AF6CBD74254D4064000B2AA7 /* ListNavigator.swift in Sources */,
				AFE4CA2D255E8A5100E5755A /* DeliverySearchBarView.swift in Sources */,
				AFE5BD642552759300C0F390 /* AlarmViewController.swift in Sources */,
				AFE11E1B254AB93B003EB6E5 /* BaeminAPI.swift in Sources */,
				AFE5BD4F25525D6B00C0F390 /* UIViewController+Extension.swift in Sources */,
				AF6CBDBC254D440E000B2AA7 /* ListInteractor.swift in Sources */,
				AFE5BD1A2552401B00C0F390 /* PhoneViewModel.swift in Sources */,
				AFE59BE92552F49B00A18003 /* QrcodeViewModel.swift in Sources */,
				AF6CBD83254D4077000B2AA7 /* LikeNavigator.swift in Sources */,
				AF6CBDEA254F2177000B2AA7 /* MainTabBarItem.swift in Sources */,
				AF19454325516217004AE30A /* BaseButton.swift in Sources */,
				AF6CBDD0254EC6C0000B2AA7 /* UITabBarItem+Chainable.swift in Sources */,
				AFE5BD3F255245FC00C0F390 /* DeliveryListViewModel.swift in Sources */,
				AF19453E25512927004AE30A /* BaseView.swift in Sources */,
				AF6CBE2C254FC164000B2AA7 /* VisitViewModel.swift in Sources */,
				AF6CBD3F254D38B5000B2AA7 /* NetworkLoggerPlugin.swift in Sources */,
				AFE11E28254ABE14003EB6E5 /* BaeminResponse.swift in Sources */,
				AF31141825501D180005F6E7 /* UIStackView+Chainable.swift in Sources */,
				AF8706F2255A73140007DD89 /* UIView+Extension.swift in Sources */,
				AF6CBDC6254D441B000B2AA7 /* UserInteractor.swift in Sources */,
				AF8D5F5D2555408700B15B67 /* UIImageView+Chainable.swift in Sources */,
				AFE11CD8254A8F37003EB6E5 /* AppDelegate.swift in Sources */,
				AF6CBCCF254B2701000B2AA7 /* MainNavigator.swift in Sources */,
				AFE5BD102552400600C0F390 /* DirectViewModel.swift in Sources */,
				AF6CBDB2254D43F4000B2AA7 /* HomeInteractor.swift in Sources */,
				AFE5BD0B25523FFF00C0F390 /* DirectViewController.swift in Sources */,
				AFE11D9B254AA2F7003EB6E5 /* Thread.swift in Sources */,
				AFE5BD1F255240E600C0F390 /* LikePageBarItem.swift in Sources */,
				AFE5BD152552400E00C0F390 /* PhoneViewController.swift in Sources */,
				AFE5BD692552759900C0F390 /* AlarmViewModel.swift in Sources */,
				AF31140B25501C000005F6E7 /* PageBarItem.swift in Sources */,
				AFE5BD442552460500C0F390 /* BmartListViewController.swift in Sources */,
				AFE59BE42552F49500A18003 /* QrcodeViewController.swift in Sources */,
				AFE59C0C2553B5B800A18003 /* UIApplication+Extension.swift in Sources */,
				AFE11D7A254AA21C003EB6E5 /* UIViewController+Chainable.swift in Sources */,
				AF3114052550190C0005F6E7 /* UITabBar+Chainable.swift in Sources */,
				AFB6F0F9255EA1AB00CCCDD0 /* EmptyView.swift in Sources */,
				AF31141D2550288E0005F6E7 /* PageBar.swift in Sources */,
				AFE11DC4254AA4CB003EB6E5 /* UserDefault.swift in Sources */,
				AFE5BD2D255245B000C0F390 /* ListPageBarItem.swift in Sources */,
				AF6CBD05254D2215000B2AA7 /* Date.swift in Sources */,
				AF6CBDA4254D43A5000B2AA7 /* BaseTabBarController.swift in Sources */,
				AFE11D5A254AA155003EB6E5 /* BaeminSampleService.swift in Sources */,
				AF75B2BB255A702F0080832B /* BaeminRefresh.swift in Sources */,
				AF6CBD95254D4098000B2AA7 /* UserNavigator.swift in Sources */,
				AFE11D68254AA192003EB6E5 /* MainInteractor.swift in Sources */,
				AFE5BCFB25523FEC00C0F390 /* StoreViewController.swift in Sources */,
				AF6CBCDE254B272B000B2AA7 /* MainViewModel.swift in Sources */,
				AF6CBCE4254B2811000B2AA7 /* Padding.swift in Sources */,
				AF75B28C255A49770080832B /* BaseService.swift in Sources */,
			);
			runOnlyForDeploymentPostprocessing = 0;
		};
		AFE11CE6254A8F39003EB6E5 /* Sources */ = {
			isa = PBXSourcesBuildPhase;
			buildActionMask = 2147483647;
			files = (
				AFE11CEF254A8F39003EB6E5 /* baeminTests.swift in Sources */,
			);
			runOnlyForDeploymentPostprocessing = 0;
		};
		AFE11CF1254A8F39003EB6E5 /* Sources */ = {
			isa = PBXSourcesBuildPhase;
			buildActionMask = 2147483647;
			files = (
				AFE11CFA254A8F39003EB6E5 /* baeminUITests.swift in Sources */,
			);
			runOnlyForDeploymentPostprocessing = 0;
		};
/* End PBXSourcesBuildPhase section */

/* Begin PBXTargetDependency section */
		AFE11CEC254A8F39003EB6E5 /* PBXTargetDependency */ = {
			isa = PBXTargetDependency;
			target = AFE11CD3254A8F37003EB6E5 /* baemin */;
			targetProxy = AFE11CEB254A8F39003EB6E5 /* PBXContainerItemProxy */;
		};
		AFE11CF7254A8F39003EB6E5 /* PBXTargetDependency */ = {
			isa = PBXTargetDependency;
			target = AFE11CD3254A8F37003EB6E5 /* baemin */;
			targetProxy = AFE11CF6254A8F39003EB6E5 /* PBXContainerItemProxy */;
		};
/* End PBXTargetDependency section */

/* Begin PBXVariantGroup section */
		AF6CBE05254F9BBA000B2AA7 /* Localizable.strings */ = {
			isa = PBXVariantGroup;
			children = (
				AF6CBE0A254F9C2D000B2AA7 /* en */,
				AF6CBE0B254F9C60000B2AA7 /* ko */,
			);
			name = Localizable.strings;
			sourceTree = "<group>";
		};
		AFE11CE2254A8F39003EB6E5 /* LaunchScreen.storyboard */ = {
			isa = PBXVariantGroup;
			children = (
				AFE11CE3254A8F39003EB6E5 /* Base */,
				AF6CBDF6254F9B37000B2AA7 /* ko */,
			);
			name = LaunchScreen.storyboard;
			sourceTree = "<group>";
		};
/* End PBXVariantGroup section */

/* Begin XCBuildConfiguration section */
		AFE11CFC254A8F39003EB6E5 /* Debug */ = {
			isa = XCBuildConfiguration;
			buildSettings = {
				ALWAYS_SEARCH_USER_PATHS = NO;
				CLANG_ANALYZER_LOCALIZABILITY_NONLOCALIZED = YES;
				CLANG_ANALYZER_NONNULL = YES;
				CLANG_ANALYZER_NUMBER_OBJECT_CONVERSION = YES_AGGRESSIVE;
				CLANG_CXX_LANGUAGE_STANDARD = "gnu++14";
				CLANG_CXX_LIBRARY = "libc++";
				CLANG_ENABLE_MODULES = YES;
				CLANG_ENABLE_OBJC_ARC = YES;
				CLANG_ENABLE_OBJC_WEAK = YES;
				CLANG_WARN_BLOCK_CAPTURE_AUTORELEASING = YES;
				CLANG_WARN_BOOL_CONVERSION = YES;
				CLANG_WARN_COMMA = YES;
				CLANG_WARN_CONSTANT_CONVERSION = YES;
				CLANG_WARN_DEPRECATED_OBJC_IMPLEMENTATIONS = YES;
				CLANG_WARN_DIRECT_OBJC_ISA_USAGE = YES_ERROR;
				CLANG_WARN_DOCUMENTATION_COMMENTS = YES;
				CLANG_WARN_EMPTY_BODY = YES;
				CLANG_WARN_ENUM_CONVERSION = YES;
				CLANG_WARN_INFINITE_RECURSION = YES;
				CLANG_WARN_INT_CONVERSION = YES;
				CLANG_WARN_NON_LITERAL_NULL_CONVERSION = YES;
				CLANG_WARN_OBJC_IMPLICIT_RETAIN_SELF = YES;
				CLANG_WARN_OBJC_LITERAL_CONVERSION = YES;
				CLANG_WARN_OBJC_ROOT_CLASS = YES_ERROR;
				CLANG_WARN_QUOTED_INCLUDE_IN_FRAMEWORK_HEADER = YES;
				CLANG_WARN_RANGE_LOOP_ANALYSIS = YES;
				CLANG_WARN_STRICT_PROTOTYPES = YES;
				CLANG_WARN_SUSPICIOUS_MOVE = YES;
				CLANG_WARN_UNGUARDED_AVAILABILITY = YES_AGGRESSIVE;
				CLANG_WARN_UNREACHABLE_CODE = YES;
				CLANG_WARN__DUPLICATE_METHOD_MATCH = YES;
				COPY_PHASE_STRIP = NO;
				DEAD_CODE_STRIPPING = NO;
				DEBUG_INFORMATION_FORMAT = dwarf;
				ENABLE_STRICT_OBJC_MSGSEND = YES;
				ENABLE_TESTABILITY = YES;
				GCC_C_LANGUAGE_STANDARD = gnu11;
				GCC_DYNAMIC_NO_PIC = NO;
				GCC_NO_COMMON_BLOCKS = YES;
				GCC_OPTIMIZATION_LEVEL = 0;
				GCC_PREPROCESSOR_DEFINITIONS = (
					"DEBUG=1",
					"$(inherited)",
				);
				GCC_WARN_64_TO_32_BIT_CONVERSION = YES;
				GCC_WARN_ABOUT_RETURN_TYPE = YES_ERROR;
				GCC_WARN_UNDECLARED_SELECTOR = YES;
				GCC_WARN_UNINITIALIZED_AUTOS = YES_AGGRESSIVE;
				GCC_WARN_UNUSED_FUNCTION = YES;
				GCC_WARN_UNUSED_VARIABLE = YES;
				IPHONEOS_DEPLOYMENT_TARGET = 14.0;
				MTL_ENABLE_DEBUG_INFO = INCLUDE_SOURCE;
				MTL_FAST_MATH = YES;
				ONLY_ACTIVE_ARCH = YES;
				SDKROOT = iphoneos;
				SWIFT_ACTIVE_COMPILATION_CONDITIONS = DEBUG;
				SWIFT_OPTIMIZATION_LEVEL = "-Onone";
			};
			name = Debug;
		};
		AFE11CFD254A8F39003EB6E5 /* Release */ = {
			isa = XCBuildConfiguration;
			buildSettings = {
				ALWAYS_SEARCH_USER_PATHS = NO;
				CLANG_ANALYZER_LOCALIZABILITY_NONLOCALIZED = YES;
				CLANG_ANALYZER_NONNULL = YES;
				CLANG_ANALYZER_NUMBER_OBJECT_CONVERSION = YES_AGGRESSIVE;
				CLANG_CXX_LANGUAGE_STANDARD = "gnu++14";
				CLANG_CXX_LIBRARY = "libc++";
				CLANG_ENABLE_MODULES = YES;
				CLANG_ENABLE_OBJC_ARC = YES;
				CLANG_ENABLE_OBJC_WEAK = YES;
				CLANG_WARN_BLOCK_CAPTURE_AUTORELEASING = YES;
				CLANG_WARN_BOOL_CONVERSION = YES;
				CLANG_WARN_COMMA = YES;
				CLANG_WARN_CONSTANT_CONVERSION = YES;
				CLANG_WARN_DEPRECATED_OBJC_IMPLEMENTATIONS = YES;
				CLANG_WARN_DIRECT_OBJC_ISA_USAGE = YES_ERROR;
				CLANG_WARN_DOCUMENTATION_COMMENTS = YES;
				CLANG_WARN_EMPTY_BODY = YES;
				CLANG_WARN_ENUM_CONVERSION = YES;
				CLANG_WARN_INFINITE_RECURSION = YES;
				CLANG_WARN_INT_CONVERSION = YES;
				CLANG_WARN_NON_LITERAL_NULL_CONVERSION = YES;
				CLANG_WARN_OBJC_IMPLICIT_RETAIN_SELF = YES;
				CLANG_WARN_OBJC_LITERAL_CONVERSION = YES;
				CLANG_WARN_OBJC_ROOT_CLASS = YES_ERROR;
				CLANG_WARN_QUOTED_INCLUDE_IN_FRAMEWORK_HEADER = YES;
				CLANG_WARN_RANGE_LOOP_ANALYSIS = YES;
				CLANG_WARN_STRICT_PROTOTYPES = YES;
				CLANG_WARN_SUSPICIOUS_MOVE = YES;
				CLANG_WARN_UNGUARDED_AVAILABILITY = YES_AGGRESSIVE;
				CLANG_WARN_UNREACHABLE_CODE = YES;
				CLANG_WARN__DUPLICATE_METHOD_MATCH = YES;
				COPY_PHASE_STRIP = NO;
				DEAD_CODE_STRIPPING = NO;
				DEBUG_INFORMATION_FORMAT = "dwarf-with-dsym";
				ENABLE_NS_ASSERTIONS = NO;
				ENABLE_STRICT_OBJC_MSGSEND = YES;
				GCC_C_LANGUAGE_STANDARD = gnu11;
				GCC_NO_COMMON_BLOCKS = YES;
				GCC_WARN_64_TO_32_BIT_CONVERSION = YES;
				GCC_WARN_ABOUT_RETURN_TYPE = YES_ERROR;
				GCC_WARN_UNDECLARED_SELECTOR = YES;
				GCC_WARN_UNINITIALIZED_AUTOS = YES_AGGRESSIVE;
				GCC_WARN_UNUSED_FUNCTION = YES;
				GCC_WARN_UNUSED_VARIABLE = YES;
				IPHONEOS_DEPLOYMENT_TARGET = 14.0;
				MTL_ENABLE_DEBUG_INFO = NO;
				MTL_FAST_MATH = YES;
				SDKROOT = iphoneos;
				SWIFT_COMPILATION_MODE = wholemodule;
				SWIFT_OPTIMIZATION_LEVEL = "-O";
				VALIDATE_PRODUCT = YES;
			};
			name = Release;
		};
		AFE11CFF254A8F39003EB6E5 /* Debug */ = {
			isa = XCBuildConfiguration;
			buildSettings = {
				ASSETCATALOG_COMPILER_APPICON_NAME = AppIcon;
				ASSETCATALOG_COMPILER_GLOBAL_ACCENT_COLOR_NAME = AccentColor;
				CODE_SIGN_STYLE = Automatic;
				DEVELOPMENT_TEAM = 4YL8LS5ZJC;
				INFOPLIST_FILE = baemin/Resources/plists/Info.plist;
				LD_RUNPATH_SEARCH_PATHS = (
					"$(inherited)",
					"@executable_path/Frameworks",
				);
				PRODUCT_BUNDLE_IDENTIFIER = com.statios.baemin;
				PRODUCT_NAME = "$(TARGET_NAME)";
				SWIFT_VERSION = 5.0;
				TARGETED_DEVICE_FAMILY = 1;
			};
			name = Debug;
		};
		AFE11D00254A8F39003EB6E5 /* Release */ = {
			isa = XCBuildConfiguration;
			buildSettings = {
				ASSETCATALOG_COMPILER_APPICON_NAME = AppIcon;
				ASSETCATALOG_COMPILER_GLOBAL_ACCENT_COLOR_NAME = AccentColor;
				CODE_SIGN_STYLE = Automatic;
				DEVELOPMENT_TEAM = 4YL8LS5ZJC;
				INFOPLIST_FILE = baemin/Resources/plists/Info.plist;
				LD_RUNPATH_SEARCH_PATHS = (
					"$(inherited)",
					"@executable_path/Frameworks",
				);
				PRODUCT_BUNDLE_IDENTIFIER = com.statios.baemin;
				PRODUCT_NAME = "$(TARGET_NAME)";
				SWIFT_VERSION = 5.0;
				TARGETED_DEVICE_FAMILY = 1;
			};
			name = Release;
		};
		AFE11D02254A8F39003EB6E5 /* Debug */ = {
			isa = XCBuildConfiguration;
			buildSettings = {
				ALWAYS_EMBED_SWIFT_STANDARD_LIBRARIES = YES;
				BUNDLE_LOADER = "$(TEST_HOST)";
				CODE_SIGN_STYLE = Automatic;
				DEVELOPMENT_TEAM = 4YL8LS5ZJC;
				INFOPLIST_FILE = baeminTests/Info.plist;
				IPHONEOS_DEPLOYMENT_TARGET = 14.0;
				LD_RUNPATH_SEARCH_PATHS = (
					"$(inherited)",
					"@executable_path/Frameworks",
					"@loader_path/Frameworks",
				);
				PRODUCT_BUNDLE_IDENTIFIER = com.statios.baeminTests;
				PRODUCT_NAME = "$(TARGET_NAME)";
				SWIFT_VERSION = 5.0;
				TARGETED_DEVICE_FAMILY = "1,2";
				TEST_HOST = "$(BUILT_PRODUCTS_DIR)/baemin.app/baemin";
			};
			name = Debug;
		};
		AFE11D03254A8F39003EB6E5 /* Release */ = {
			isa = XCBuildConfiguration;
			buildSettings = {
				ALWAYS_EMBED_SWIFT_STANDARD_LIBRARIES = YES;
				BUNDLE_LOADER = "$(TEST_HOST)";
				CODE_SIGN_STYLE = Automatic;
				DEVELOPMENT_TEAM = 4YL8LS5ZJC;
				INFOPLIST_FILE = baeminTests/Info.plist;
				IPHONEOS_DEPLOYMENT_TARGET = 14.0;
				LD_RUNPATH_SEARCH_PATHS = (
					"$(inherited)",
					"@executable_path/Frameworks",
					"@loader_path/Frameworks",
				);
				PRODUCT_BUNDLE_IDENTIFIER = com.statios.baeminTests;
				PRODUCT_NAME = "$(TARGET_NAME)";
				SWIFT_VERSION = 5.0;
				TARGETED_DEVICE_FAMILY = "1,2";
				TEST_HOST = "$(BUILT_PRODUCTS_DIR)/baemin.app/baemin";
			};
			name = Release;
		};
		AFE11D05254A8F39003EB6E5 /* Debug */ = {
			isa = XCBuildConfiguration;
			buildSettings = {
				ALWAYS_EMBED_SWIFT_STANDARD_LIBRARIES = YES;
				CODE_SIGN_STYLE = Automatic;
				DEVELOPMENT_TEAM = 4YL8LS5ZJC;
				INFOPLIST_FILE = baeminUITests/Info.plist;
				LD_RUNPATH_SEARCH_PATHS = (
					"$(inherited)",
					"@executable_path/Frameworks",
					"@loader_path/Frameworks",
				);
				PRODUCT_BUNDLE_IDENTIFIER = com.statios.baeminUITests;
				PRODUCT_NAME = "$(TARGET_NAME)";
				SWIFT_VERSION = 5.0;
				TARGETED_DEVICE_FAMILY = "1,2";
				TEST_TARGET_NAME = baemin;
			};
			name = Debug;
		};
		AFE11D06254A8F39003EB6E5 /* Release */ = {
			isa = XCBuildConfiguration;
			buildSettings = {
				ALWAYS_EMBED_SWIFT_STANDARD_LIBRARIES = YES;
				CODE_SIGN_STYLE = Automatic;
				DEVELOPMENT_TEAM = 4YL8LS5ZJC;
				INFOPLIST_FILE = baeminUITests/Info.plist;
				LD_RUNPATH_SEARCH_PATHS = (
					"$(inherited)",
					"@executable_path/Frameworks",
					"@loader_path/Frameworks",
				);
				PRODUCT_BUNDLE_IDENTIFIER = com.statios.baeminUITests;
				PRODUCT_NAME = "$(TARGET_NAME)";
				SWIFT_VERSION = 5.0;
				TARGETED_DEVICE_FAMILY = "1,2";
				TEST_TARGET_NAME = baemin;
			};
			name = Release;
		};
/* End XCBuildConfiguration section */

/* Begin XCConfigurationList section */
		AFE11CCF254A8F37003EB6E5 /* Build configuration list for PBXProject "baemin" */ = {
			isa = XCConfigurationList;
			buildConfigurations = (
				AFE11CFC254A8F39003EB6E5 /* Debug */,
				AFE11CFD254A8F39003EB6E5 /* Release */,
			);
			defaultConfigurationIsVisible = 0;
			defaultConfigurationName = Release;
		};
		AFE11CFE254A8F39003EB6E5 /* Build configuration list for PBXNativeTarget "baemin" */ = {
			isa = XCConfigurationList;
			buildConfigurations = (
				AFE11CFF254A8F39003EB6E5 /* Debug */,
				AFE11D00254A8F39003EB6E5 /* Release */,
			);
			defaultConfigurationIsVisible = 0;
			defaultConfigurationName = Release;
		};
		AFE11D01254A8F39003EB6E5 /* Build configuration list for PBXNativeTarget "baeminTests" */ = {
			isa = XCConfigurationList;
			buildConfigurations = (
				AFE11D02254A8F39003EB6E5 /* Debug */,
				AFE11D03254A8F39003EB6E5 /* Release */,
			);
			defaultConfigurationIsVisible = 0;
			defaultConfigurationName = Release;
		};
		AFE11D04254A8F39003EB6E5 /* Build configuration list for PBXNativeTarget "baeminUITests" */ = {
			isa = XCConfigurationList;
			buildConfigurations = (
				AFE11D05254A8F39003EB6E5 /* Debug */,
				AFE11D06254A8F39003EB6E5 /* Release */,
			);
			defaultConfigurationIsVisible = 0;
			defaultConfigurationName = Release;
		};
/* End XCConfigurationList section */

/* Begin XCRemoteSwiftPackageReference section */
		AF05CF272559434800113C2E /* XCRemoteSwiftPackageReference "Resolver" */ = {
			isa = XCRemoteSwiftPackageReference;
			repositoryURL = "https://github.com/hmlongco/Resolver";
			requirement = {
				kind = upToNextMajorVersion;
				minimumVersion = 1.1.4;
			};
		};
		AFAF927D255E43400003C97A /* XCRemoteSwiftPackageReference "Kingfisher" */ = {
			isa = XCRemoteSwiftPackageReference;
			repositoryURL = "https://github.com/onevcat/Kingfisher";
			requirement = {
				kind = upToNextMajorVersion;
				minimumVersion = 5.15.7;
			};
		};
		AFE11D20254A9220003EB6E5 /* XCRemoteSwiftPackageReference "RxSwift" */ = {
			isa = XCRemoteSwiftPackageReference;
			repositoryURL = "https://github.com/ReactiveX/RxSwift";
			requirement = {
				kind = upToNextMajorVersion;
				minimumVersion = 5.1.1;
			};
		};
		AFE11D2E254A925F003EB6E5 /* XCRemoteSwiftPackageReference "SnapKit" */ = {
			isa = XCRemoteSwiftPackageReference;
			repositoryURL = "https://github.com/SnapKit/SnapKit";
			requirement = {
				kind = upToNextMajorVersion;
				minimumVersion = 5.0.1;
			};
		};
		AFE11D34254A92DB003EB6E5 /* XCRemoteSwiftPackageReference "Moya" */ = {
			isa = XCRemoteSwiftPackageReference;
			repositoryURL = "https://github.com/Moya/Moya";
			requirement = {
				kind = upToNextMajorVersion;
				minimumVersion = 14.0.0;
			};
		};
		AFE59BEE255397D400A18003 /* XCRemoteSwiftPackageReference "lottie-ios" */ = {
			isa = XCRemoteSwiftPackageReference;
			repositoryURL = "https://github.com/airbnb/lottie-ios";
			requirement = {
				kind = upToNextMajorVersion;
				minimumVersion = 3.1.9;
			};
		};
/* End XCRemoteSwiftPackageReference section */

/* Begin XCSwiftPackageProductDependency section */
		AF05CF282559434800113C2E /* Resolver */ = {
			isa = XCSwiftPackageProductDependency;
			package = AF05CF272559434800113C2E /* XCRemoteSwiftPackageReference "Resolver" */;
			productName = Resolver;
		};
		AFAF927E255E43400003C97A /* Kingfisher */ = {
			isa = XCSwiftPackageProductDependency;
			package = AFAF927D255E43400003C97A /* XCRemoteSwiftPackageReference "Kingfisher" */;
			productName = Kingfisher;
		};
		AFE11D21254A9220003EB6E5 /* RxSwift */ = {
			isa = XCSwiftPackageProductDependency;
			package = AFE11D20254A9220003EB6E5 /* XCRemoteSwiftPackageReference "RxSwift" */;
			productName = RxSwift;
		};
		AFE11D23254A9220003EB6E5 /* RxTest */ = {
			isa = XCSwiftPackageProductDependency;
			package = AFE11D20254A9220003EB6E5 /* XCRemoteSwiftPackageReference "RxSwift" */;
			productName = RxTest;
		};
		AFE11D25254A9220003EB6E5 /* RxRelay */ = {
			isa = XCSwiftPackageProductDependency;
			package = AFE11D20254A9220003EB6E5 /* XCRemoteSwiftPackageReference "RxSwift" */;
			productName = RxRelay;
		};
		AFE11D27254A9220003EB6E5 /* RxCocoa */ = {
			isa = XCSwiftPackageProductDependency;
			package = AFE11D20254A9220003EB6E5 /* XCRemoteSwiftPackageReference "RxSwift" */;
			productName = RxCocoa;
		};
		AFE11D29254A9220003EB6E5 /* RxBlocking */ = {
			isa = XCSwiftPackageProductDependency;
			package = AFE11D20254A9220003EB6E5 /* XCRemoteSwiftPackageReference "RxSwift" */;
			productName = RxBlocking;
		};
		AFE11D2F254A925F003EB6E5 /* SnapKit */ = {
			isa = XCSwiftPackageProductDependency;
			package = AFE11D2E254A925F003EB6E5 /* XCRemoteSwiftPackageReference "SnapKit" */;
			productName = SnapKit;
		};
		AFE11D35254A92DB003EB6E5 /* RxMoya */ = {
			isa = XCSwiftPackageProductDependency;
			package = AFE11D34254A92DB003EB6E5 /* XCRemoteSwiftPackageReference "Moya" */;
			productName = RxMoya;
		};
		AFE59BEF255397D400A18003 /* Lottie */ = {
			isa = XCSwiftPackageProductDependency;
			package = AFE59BEE255397D400A18003 /* XCRemoteSwiftPackageReference "lottie-ios" */;
			productName = Lottie;
		};
/* End XCSwiftPackageProductDependency section */
	};
	rootObject = AFE11CCC254A8F37003EB6E5 /* Project object */;
}
